<?xml version="1.0" encoding="utf-8"?>
<Project ToolsVersion="4.0" xmlns="http://schemas.microsoft.com/developer/msbuild/2003">
  <ItemGroup>
    <Filter Include="include">
      <UniqueIdentifier>{691ba04a-4707-445f-b4a9-545a37b47910}</UniqueIdentifier>
    </Filter>
    <Filter Include="source">
      <UniqueIdentifier>{d2af89f5-67a0-4bad-a256-48fc07a7a266}</UniqueIdentifier>
    </Filter>
    <Filter Include="shader">
      <UniqueIdentifier>{260a87f2-4fa6-4c50-be26-f95fdbfeb7fa}</UniqueIdentifier>
    </Filter>
    <Filter Include="asset">
      <UniqueIdentifier>{0daaa4ac-cc4c-4653-8ae6-1a7b134acb87}</UniqueIdentifier>
    </Filter>
  </ItemGroup>
  <ItemGroup>
    <ClInclude Include="..\..\ProjectedTextureShadow\ProjectedTextureShadowApp.h">
      <Filter>include</Filter>
    </ClInclude>
    <ClInclude Include="..\..\ProjectedTextureShadow\Shadow.h">
      <Filter>include</Filter>
    </ClInclude>
  </ItemGroup>
  <ItemGroup>
    <ClCompile Include="..\..\ProjectedTextureShadow\main.cpp">
      <Filter>source</Filter>
    </ClCompile>
    <ClCompile Include="..\..\ProjectedTextureShadow\ProjectedTextureShadowApp.cpp">
      <Filter>source</Filter>
    </ClCompile>
    <ClCompile Include="..\..\ProjectedTextureShadow\Shadow.cpp">
      <Filter>source</Filter>
    </ClCompile>
  </ItemGroup>
  <ItemGroup>
    <None Include="..\..\ProjectedTextureShadow\shader\BasicShader.fx">
      <Filter>shader</Filter>
    </None>
  </ItemGroup>
  <ItemGroup>
    <CustomBuild Include="..\..\ProjectedTextureShadow\shader\BasicShader.xml">
      <Filter>shader</Filter>
    </CustomBuild>
    <CustomBuild Include="..\..\data\earth.xml">
      <Filter>asset</Filter>
    </CustomBuild>
  </ItemGroup>
</Project>