
Microsoft Visual Studio Solution File, Format Version 11.00
# Visual Studio 2010
Project("{2150E333-8FDC-42A3-9474-1A3956D46DE8}") = "samples", "samples", "{A9E5AE3D-D713-440A-B763-1F16A92BB9CC}"
EndProject
Project("{2150E333-8FDC-42A3-9474-1A3956D46DE8}") = "scenegraph", "scenegraph", "{7DDBC048-19F7-42E9-8CE9-CF2B72ED3047}"
EndProject
Project("{2150E333-8FDC-42A3-9474-1A3956D46DE8}") = "graphics", "graphics", "{54F9924D-3241-4142-87A3-6B686601A153}"
EndProject
Project("{8BC9CEB8-8B4A-11D0-8D11-00A0C91BC942}") = "SampleKit", "SampleKit.vcxproj", "{DD5D28B8-93F1-4F26-8AD1-DD224CCB9A4F}"
EndProject
Project("{8BC9CEB8-8B4A-11D0-8D11-00A0C91BC942}") = "Shader", "Shader.vcxproj", "{AC3BDA4F-7620-448B-A2AB-E8A8140D1F17}"
EndProject
Project("{8BC9CEB8-8B4A-11D0-8D11-00A0C91BC942}") = "DebugMesh", "DebugMesh.vcxproj", "{8DF50D07-3282-449B-A191-F88BB588301B}"
EndProject
Project("{8BC9CEB8-8B4A-11D0-8D11-00A0C91BC942}") = "State", "State.vcxproj", "{B391D3DE-3F3D-4544-AFCE-817EED7837F0}"
EndProject
Project("{8BC9CEB8-8B4A-11D0-8D11-00A0C91BC942}") = "Model", "Model.vcxproj", "{3E4CC7BD-7CE1-4854-ADCF-96ABE7F7A317}"
EndProject
Project("{8BC9CEB8-8B4A-11D0-8D11-00A0C91BC942}") = "Motion", "Motion.vcxproj", "{6D78EAB7-35DC-434A-B0D2-75D3B66F0411}"
EndProject
Project("{8BC9CEB8-8B4A-11D0-8D11-00A0C91BC942}") = "Material", "Material.vcxproj", "{C92ED3CD-028A-4025-B6C7-5ED0A5C4CB9A}"
EndProject
Project("{8BC9CEB8-8B4A-11D0-8D11-00A0C91BC942}") = "ProjectedTextureShadow", "ProjectedTextureShadow.vcxproj", "{4CB804B2-D1BB-4879-8907-81D5BA9DA4D9}"
EndProject
Project("{8BC9CEB8-8B4A-11D0-8D11-00A0C91BC942}") = "FontBitmap", "FontBitmap.vcxproj", "{5F9B53BB-2F80-4C57-9312-8B0A7A9B4003}"
EndProject
Project("{8BC9CEB8-8B4A-11D0-8D11-00A0C91BC942}") = "CubeMap", "CubeMap.vcxproj", "{E63C2010-825B-44EF-AFC2-BE3AF31EC0B9}"
EndProject
Project("{8BC9CEB8-8B4A-11D0-8D11-00A0C91BC942}") = "MouseHit", "MouseHit.vcxproj", "{2BF84BF9-524E-4A0C-B723-B345B0ADA843}"
EndProject
Project("{8BC9CEB8-8B4A-11D0-8D11-00A0C91BC942}") = "Decal", "Decal.vcxproj", "{E04DB7F2-4913-47EF-9037-0BDC994394C8}"
EndProject
Project("{8BC9CEB8-8B4A-11D0-8D11-00A0C91BC942}") = "Render2D", "Render2D.vcxproj", "{38B3F36A-4139-4D1B-8F95-ABC4427F0AE6}"
	ProjectSection(ProjectDependencies) = postProject
		{DD5D28B8-93F1-4F26-8AD1-DD224CCB9A4F} = {DD5D28B8-93F1-4F26-8AD1-DD224CCB9A4F}
	EndProjectSection
EndProject
Project("{8BC9CEB8-8B4A-11D0-8D11-00A0C91BC942}") = "PostEffect", "PostEffect.vcxproj", "{B1A551DC-8998-4E69-8716-5BECE3FEDFC8}"
EndProject
Project("{8BC9CEB8-8B4A-11D0-8D11-00A0C91BC942}") = "GamePad", "GamePad.vcxproj", "{6D355B38-0CAF-49CC-BCC9-707B7E3AB9E3}"
	ProjectSection(ProjectDependencies) = postProject
		{DD5D28B8-93F1-4F26-8AD1-DD224CCB9A4F} = {DD5D28B8-93F1-4F26-8AD1-DD224CCB9A4F}
	EndProjectSection
EndProject
Project("{8BC9CEB8-8B4A-11D0-8D11-00A0C91BC942}") = "MotionInterp", "MotionInterp.vcxproj", "{9DB34A96-C943-42A2-B726-CF877EFA2E46}"
EndProject
Project("{8BC9CEB8-8B4A-11D0-8D11-00A0C91BC942}") = "MotionBlend", "MotionBlend.vcxproj", "{634B52AF-9F1C-480F-BCEE-25DFE4F3DBBB}"
EndProject
Project("{8BC9CEB8-8B4A-11D0-8D11-00A0C91BC942}") = "MotionBind", "MotionBind.vcxproj", "{BC9D72EE-D56D-450E-A019-7B71BFD4F894}"
EndProject
Project("{2150E333-8FDC-42A3-9474-1A3956D46DE8}") = "text", "text", "{54957BB8-C520-47DD-986D-CE1E2C2267F0}"
EndProject
Project("{8BC9CEB8-8B4A-11D0-8D11-00A0C91BC942}") = "FontFreeType", "FontFreeType.vcxproj", "{BB6C1CD4-B19C-4972-8F66-ADE6ADBCA27F}"
EndProject
Project("{8BC9CEB8-8B4A-11D0-8D11-00A0C91BC942}") = "TextParagraph", "TextParagraph.vcxproj", "{1640E1AD-E501-4086-822A-711E564E478B}"
EndProject
Project("{8BC9CEB8-8B4A-11D0-8D11-00A0C91BC942}") = "FontRenderer", "FontRenderer.vcxproj", "{7D27461B-039E-40BD-9CC6-84472C54E44E}"
EndProject
Global
	GlobalSection(SolutionConfigurationPlatforms) = preSolution
		Debug_DX9|Win32 = Debug_DX9|Win32
		Debug|Win32 = Debug|Win32
		Release_DX9|Win32 = Release_DX9|Win32
		Release|Win32 = Release|Win32
	EndGlobalSection
	GlobalSection(ProjectConfigurationPlatforms) = postSolution
		{DD5D28B8-93F1-4F26-8AD1-DD224CCB9A4F}.Debug_DX9|Win32.ActiveCfg = Debug_DX9|Win32
		{DD5D28B8-93F1-4F26-8AD1-DD224CCB9A4F}.Debug_DX9|Win32.Build.0 = Debug_DX9|Win32
		{DD5D28B8-93F1-4F26-8AD1-DD224CCB9A4F}.Debug|Win32.ActiveCfg = Debug_DX9|Win32
		{DD5D28B8-93F1-4F26-8AD1-DD224CCB9A4F}.Debug|Win32.Build.0 = Debug_DX9|Win32
		{DD5D28B8-93F1-4F26-8AD1-DD224CCB9A4F}.Release_DX9|Win32.ActiveCfg = Release_DX9|Win32
		{DD5D28B8-93F1-4F26-8AD1-DD224CCB9A4F}.Release_DX9|Win32.Build.0 = Release_DX9|Win32
		{DD5D28B8-93F1-4F26-8AD1-DD224CCB9A4F}.Release|Win32.ActiveCfg = Release_DX9|Win32
		{DD5D28B8-93F1-4F26-8AD1-DD224CCB9A4F}.Release|Win32.Build.0 = Release_DX9|Win32
		{AC3BDA4F-7620-448B-A2AB-E8A8140D1F17}.Debug_DX9|Win32.ActiveCfg = Debug_DX9|Win32
		{AC3BDA4F-7620-448B-A2AB-E8A8140D1F17}.Debug_DX9|Win32.Build.0 = Debug_DX9|Win32
		{AC3BDA4F-7620-448B-A2AB-E8A8140D1F17}.Debug|Win32.ActiveCfg = Debug_DX9|Win32
		{AC3BDA4F-7620-448B-A2AB-E8A8140D1F17}.Debug|Win32.Build.0 = Debug_DX9|Win32
		{AC3BDA4F-7620-448B-A2AB-E8A8140D1F17}.Release_DX9|Win32.ActiveCfg = Release_DX9|Win32
		{AC3BDA4F-7620-448B-A2AB-E8A8140D1F17}.Release_DX9|Win32.Build.0 = Release_DX9|Win32
		{AC3BDA4F-7620-448B-A2AB-E8A8140D1F17}.Release|Win32.ActiveCfg = Release_DX9|Win32
		{AC3BDA4F-7620-448B-A2AB-E8A8140D1F17}.Release|Win32.Build.0 = Release_DX9|Win32
		{8DF50D07-3282-449B-A191-F88BB588301B}.Debug_DX9|Win32.ActiveCfg = Debug_DX9|Win32
		{8DF50D07-3282-449B-A191-F88BB588301B}.Debug_DX9|Win32.Build.0 = Debug_DX9|Win32
		{8DF50D07-3282-449B-A191-F88BB588301B}.Debug|Win32.ActiveCfg = Debug_DX9|Win32
		{8DF50D07-3282-449B-A191-F88BB588301B}.Debug|Win32.Build.0 = Debug_DX9|Win32
		{8DF50D07-3282-449B-A191-F88BB588301B}.Release_DX9|Win32.ActiveCfg = Release_DX9|Win32
		{8DF50D07-3282-449B-A191-F88BB588301B}.Release_DX9|Win32.Build.0 = Release_DX9|Win32
		{8DF50D07-3282-449B-A191-F88BB588301B}.Release|Win32.ActiveCfg = Release_DX9|Win32
		{8DF50D07-3282-449B-A191-F88BB588301B}.Release|Win32.Build.0 = Release_DX9|Win32
		{B391D3DE-3F3D-4544-AFCE-817EED7837F0}.Debug_DX9|Win32.ActiveCfg = Debug_DX9|Win32
		{B391D3DE-3F3D-4544-AFCE-817EED7837F0}.Debug_DX9|Win32.Build.0 = Debug_DX9|Win32
		{B391D3DE-3F3D-4544-AFCE-817EED7837F0}.Debug|Win32.ActiveCfg = Debug_DX9|Win32
		{B391D3DE-3F3D-4544-AFCE-817EED7837F0}.Debug|Win32.Build.0 = Debug_DX9|Win32
		{B391D3DE-3F3D-4544-AFCE-817EED7837F0}.Release_DX9|Win32.ActiveCfg = Release_DX9|Win32
		{B391D3DE-3F3D-4544-AFCE-817EED7837F0}.Release_DX9|Win32.Build.0 = Release_DX9|Win32
		{B391D3DE-3F3D-4544-AFCE-817EED7837F0}.Release|Win32.ActiveCfg = Release_DX9|Win32
		{B391D3DE-3F3D-4544-AFCE-817EED7837F0}.Release|Win32.Build.0 = Release_DX9|Win32
		{3E4CC7BD-7CE1-4854-ADCF-96ABE7F7A317}.Debug_DX9|Win32.ActiveCfg = Debug_DX9|Win32
		{3E4CC7BD-7CE1-4854-ADCF-96ABE7F7A317}.Debug_DX9|Win32.Build.0 = Debug_DX9|Win32
		{3E4CC7BD-7CE1-4854-ADCF-96ABE7F7A317}.Debug|Win32.ActiveCfg = Debug_DX9|Win32
		{3E4CC7BD-7CE1-4854-ADCF-96ABE7F7A317}.Debug|Win32.Build.0 = Debug_DX9|Win32
		{3E4CC7BD-7CE1-4854-ADCF-96ABE7F7A317}.Release_DX9|Win32.ActiveCfg = Release_DX9|Win32
		{3E4CC7BD-7CE1-4854-ADCF-96ABE7F7A317}.Release_DX9|Win32.Build.0 = Release_DX9|Win32
		{3E4CC7BD-7CE1-4854-ADCF-96ABE7F7A317}.Release|Win32.ActiveCfg = Release_DX9|Win32
		{3E4CC7BD-7CE1-4854-ADCF-96ABE7F7A317}.Release|Win32.Build.0 = Release_DX9|Win32
		{6D78EAB7-35DC-434A-B0D2-75D3B66F0411}.Debug_DX9|Win32.ActiveCfg = Debug_DX9|Win32
		{6D78EAB7-35DC-434A-B0D2-75D3B66F0411}.Debug_DX9|Win32.Build.0 = Debug_DX9|Win32
		{6D78EAB7-35DC-434A-B0D2-75D3B66F0411}.Debug|Win32.ActiveCfg = Debug_DX9|Win32
		{6D78EAB7-35DC-434A-B0D2-75D3B66F0411}.Debug|Win32.Build.0 = Debug_DX9|Win32
		{6D78EAB7-35DC-434A-B0D2-75D3B66F0411}.Release_DX9|Win32.ActiveCfg = Release_DX9|Win32
		{6D78EAB7-35DC-434A-B0D2-75D3B66F0411}.Release_DX9|Win32.Build.0 = Release_DX9|Win32
		{6D78EAB7-35DC-434A-B0D2-75D3B66F0411}.Release|Win32.ActiveCfg = Release_DX9|Win32
		{6D78EAB7-35DC-434A-B0D2-75D3B66F0411}.Release|Win32.Build.0 = Release_DX9|Win32
		{C92ED3CD-028A-4025-B6C7-5ED0A5C4CB9A}.Debug_DX9|Win32.ActiveCfg = Debug_DX9|Win32
		{C92ED3CD-028A-4025-B6C7-5ED0A5C4CB9A}.Debug_DX9|Win32.Build.0 = Debug_DX9|Win32
		{C92ED3CD-028A-4025-B6C7-5ED0A5C4CB9A}.Debug|Win32.ActiveCfg = Debug_DX9|Win32
		{C92ED3CD-028A-4025-B6C7-5ED0A5C4CB9A}.Debug|Win32.Build.0 = Debug_DX9|Win32
		{C92ED3CD-028A-4025-B6C7-5ED0A5C4CB9A}.Release_DX9|Win32.ActiveCfg = Release_DX9|Win32
		{C92ED3CD-028A-4025-B6C7-5ED0A5C4CB9A}.Release_DX9|Win32.Build.0 = Release_DX9|Win32
		{C92ED3CD-028A-4025-B6C7-5ED0A5C4CB9A}.Release|Win32.ActiveCfg = Release_DX9|Win32
		{C92ED3CD-028A-4025-B6C7-5ED0A5C4CB9A}.Release|Win32.Build.0 = Release_DX9|Win32
		{4CB804B2-D1BB-4879-8907-81D5BA9DA4D9}.Debug_DX9|Win32.ActiveCfg = Debug_DX9|Win32
		{4CB804B2-D1BB-4879-8907-81D5BA9DA4D9}.Debug_DX9|Win32.Build.0 = Debug_DX9|Win32
		{4CB804B2-D1BB-4879-8907-81D5BA9DA4D9}.Debug|Win32.ActiveCfg = Debug_DX9|Win32
		{4CB804B2-D1BB-4879-8907-81D5BA9DA4D9}.Debug|Win32.Build.0 = Debug_DX9|Win32
		{4CB804B2-D1BB-4879-8907-81D5BA9DA4D9}.Release_DX9|Win32.ActiveCfg = Release_DX9|Win32
		{4CB804B2-D1BB-4879-8907-81D5BA9DA4D9}.Release_DX9|Win32.Build.0 = Release_DX9|Win32
		{4CB804B2-D1BB-4879-8907-81D5BA9DA4D9}.Release|Win32.ActiveCfg = Release_DX9|Win32
		{4CB804B2-D1BB-4879-8907-81D5BA9DA4D9}.Release|Win32.Build.0 = Release_DX9|Win32
		{5F9B53BB-2F80-4C57-9312-8B0A7A9B4003}.Debug_DX9|Win32.ActiveCfg = Debug_DX9|Win32
		{5F9B53BB-2F80-4C57-9312-8B0A7A9B4003}.Debug_DX9|Win32.Build.0 = Debug_DX9|Win32
		{5F9B53BB-2F80-4C57-9312-8B0A7A9B4003}.Debug|Win32.ActiveCfg = Debug_DX9|Win32
		{5F9B53BB-2F80-4C57-9312-8B0A7A9B4003}.Debug|Win32.Build.0 = Debug_DX9|Win32
		{5F9B53BB-2F80-4C57-9312-8B0A7A9B4003}.Release_DX9|Win32.ActiveCfg = Release_DX9|Win32
		{5F9B53BB-2F80-4C57-9312-8B0A7A9B4003}.Release_DX9|Win32.Build.0 = Release_DX9|Win32
		{5F9B53BB-2F80-4C57-9312-8B0A7A9B4003}.Release|Win32.ActiveCfg = Release_DX9|Win32
		{5F9B53BB-2F80-4C57-9312-8B0A7A9B4003}.Release|Win32.Build.0 = Release_DX9|Win32
		{E63C2010-825B-44EF-AFC2-BE3AF31EC0B9}.Debug_DX9|Win32.ActiveCfg = Debug_DX9|Win32
		{E63C2010-825B-44EF-AFC2-BE3AF31EC0B9}.Debug_DX9|Win32.Build.0 = Debug_DX9|Win32
		{E63C2010-825B-44EF-AFC2-BE3AF31EC0B9}.Debug|Win32.ActiveCfg = Debug_DX9|Win32
		{E63C2010-825B-44EF-AFC2-BE3AF31EC0B9}.Debug|Win32.Build.0 = Debug_DX9|Win32
		{E63C2010-825B-44EF-AFC2-BE3AF31EC0B9}.Release_DX9|Win32.ActiveCfg = Release_DX9|Win32
		{E63C2010-825B-44EF-AFC2-BE3AF31EC0B9}.Release_DX9|Win32.Build.0 = Release_DX9|Win32
		{E63C2010-825B-44EF-AFC2-BE3AF31EC0B9}.Release|Win32.ActiveCfg = Release_DX9|Win32
		{E63C2010-825B-44EF-AFC2-BE3AF31EC0B9}.Release|Win32.Build.0 = Release_DX9|Win32
		{2BF84BF9-524E-4A0C-B723-B345B0ADA843}.Debug_DX9|Win32.ActiveCfg = Debug_DX9|Win32
		{2BF84BF9-524E-4A0C-B723-B345B0ADA843}.Debug_DX9|Win32.Build.0 = Debug_DX9|Win32
		{2BF84BF9-524E-4A0C-B723-B345B0ADA843}.Debug|Win32.ActiveCfg = Debug_DX9|Win32
		{2BF84BF9-524E-4A0C-B723-B345B0ADA843}.Debug|Win32.Build.0 = Debug_DX9|Win32
		{2BF84BF9-524E-4A0C-B723-B345B0ADA843}.Release_DX9|Win32.ActiveCfg = Release_DX9|Win32
		{2BF84BF9-524E-4A0C-B723-B345B0ADA843}.Release_DX9|Win32.Build.0 = Release_DX9|Win32
		{2BF84BF9-524E-4A0C-B723-B345B0ADA843}.Release|Win32.ActiveCfg = Release_DX9|Win32
		{2BF84BF9-524E-4A0C-B723-B345B0ADA843}.Release|Win32.Build.0 = Release_DX9|Win32
		{E04DB7F2-4913-47EF-9037-0BDC994394C8}.Debug_DX9|Win32.ActiveCfg = Debug_DX9|Win32
		{E04DB7F2-4913-47EF-9037-0BDC994394C8}.Debug_DX9|Win32.Build.0 = Debug_DX9|Win32
		{E04DB7F2-4913-47EF-9037-0BDC994394C8}.Debug|Win32.ActiveCfg = Debug_DX9|Win32
		{E04DB7F2-4913-47EF-9037-0BDC994394C8}.Debug|Win32.Build.0 = Debug_DX9|Win32
		{E04DB7F2-4913-47EF-9037-0BDC994394C8}.Release_DX9|Win32.ActiveCfg = Release_DX9|Win32
		{E04DB7F2-4913-47EF-9037-0BDC994394C8}.Release_DX9|Win32.Build.0 = Release_DX9|Win32
		{E04DB7F2-4913-47EF-9037-0BDC994394C8}.Release|Win32.ActiveCfg = Release_DX9|Win32
		{E04DB7F2-4913-47EF-9037-0BDC994394C8}.Release|Win32.Build.0 = Release_DX9|Win32
		{38B3F36A-4139-4D1B-8F95-ABC4427F0AE6}.Debug_DX9|Win32.ActiveCfg = Debug_DX9|Win32
		{38B3F36A-4139-4D1B-8F95-ABC4427F0AE6}.Debug_DX9|Win32.Build.0 = Debug_DX9|Win32
		{38B3F36A-4139-4D1B-8F95-ABC4427F0AE6}.Debug|Win32.ActiveCfg = Debug_DX9|Win32
		{38B3F36A-4139-4D1B-8F95-ABC4427F0AE6}.Debug|Win32.Build.0 = Debug_DX9|Win32
		{38B3F36A-4139-4D1B-8F95-ABC4427F0AE6}.Release_DX9|Win32.ActiveCfg = Release_DX9|Win32
		{38B3F36A-4139-4D1B-8F95-ABC4427F0AE6}.Release_DX9|Win32.Build.0 = Release_DX9|Win32
		{38B3F36A-4139-4D1B-8F95-ABC4427F0AE6}.Release|Win32.ActiveCfg = Release_DX9|Win32
		{38B3F36A-4139-4D1B-8F95-ABC4427F0AE6}.Release|Win32.Build.0 = Release_DX9|Win32
		{B1A551DC-8998-4E69-8716-5BECE3FEDFC8}.Debug_DX9|Win32.ActiveCfg = Debug_DX9|Win32
		{B1A551DC-8998-4E69-8716-5BECE3FEDFC8}.Debug_DX9|Win32.Build.0 = Debug_DX9|Win32
		{B1A551DC-8998-4E69-8716-5BECE3FEDFC8}.Debug|Win32.ActiveCfg = Debug_DX9|Win32
		{B1A551DC-8998-4E69-8716-5BECE3FEDFC8}.Debug|Win32.Build.0 = Debug_DX9|Win32
		{B1A551DC-8998-4E69-8716-5BECE3FEDFC8}.Release_DX9|Win32.ActiveCfg = Release_DX9|Win32
		{B1A551DC-8998-4E69-8716-5BECE3FEDFC8}.Release_DX9|Win32.Build.0 = Release_DX9|Win32
		{B1A551DC-8998-4E69-8716-5BECE3FEDFC8}.Release|Win32.ActiveCfg = Release_DX9|Win32
		{B1A551DC-8998-4E69-8716-5BECE3FEDFC8}.Release|Win32.Build.0 = Release_DX9|Win32
		{6D355B38-0CAF-49CC-BCC9-707B7E3AB9E3}.Debug_DX9|Win32.ActiveCfg = Debug_DX9|Win32
		{6D355B38-0CAF-49CC-BCC9-707B7E3AB9E3}.Debug_DX9|Win32.Build.0 = Debug_DX9|Win32
		{6D355B38-0CAF-49CC-BCC9-707B7E3AB9E3}.Debug|Win32.ActiveCfg = Debug_DX9|Win32
		{6D355B38-0CAF-49CC-BCC9-707B7E3AB9E3}.Debug|Win32.Build.0 = Debug_DX9|Win32
		{6D355B38-0CAF-49CC-BCC9-707B7E3AB9E3}.Release_DX9|Win32.ActiveCfg = Release_DX9|Win32
		{6D355B38-0CAF-49CC-BCC9-707B7E3AB9E3}.Release_DX9|Win32.Build.0 = Release_DX9|Win32
		{6D355B38-0CAF-49CC-BCC9-707B7E3AB9E3}.Release|Win32.ActiveCfg = Release_DX9|Win32
		{6D355B38-0CAF-49CC-BCC9-707B7E3AB9E3}.Release|Win32.Build.0 = Release_DX9|Win32
		{9DB34A96-C943-42A2-B726-CF877EFA2E46}.Debug_DX9|Win32.ActiveCfg = Debug_DX9|Win32
		{9DB34A96-C943-42A2-B726-CF877EFA2E46}.Debug_DX9|Win32.Build.0 = Debug_DX9|Win32
		{9DB34A96-C943-42A2-B726-CF877EFA2E46}.Debug|Win32.ActiveCfg = Debug_DX9|Win32
		{9DB34A96-C943-42A2-B726-CF877EFA2E46}.Debug|Win32.Build.0 = Debug_DX9|Win32
		{9DB34A96-C943-42A2-B726-CF877EFA2E46}.Release_DX9|Win32.ActiveCfg = Release_DX9|Win32
		{9DB34A96-C943-42A2-B726-CF877EFA2E46}.Release_DX9|Win32.Build.0 = Release_DX9|Win32
		{9DB34A96-C943-42A2-B726-CF877EFA2E46}.Release|Win32.ActiveCfg = Release_DX9|Win32
		{9DB34A96-C943-42A2-B726-CF877EFA2E46}.Release|Win32.Build.0 = Release_DX9|Win32
		{634B52AF-9F1C-480F-BCEE-25DFE4F3DBBB}.Debug_DX9|Win32.ActiveCfg = Debug_DX9|Win32
		{634B52AF-9F1C-480F-BCEE-25DFE4F3DBBB}.Debug_DX9|Win32.Build.0 = Debug_DX9|Win32
		{634B52AF-9F1C-480F-BCEE-25DFE4F3DBBB}.Debug|Win32.ActiveCfg = Debug_DX9|Win32
		{634B52AF-9F1C-480F-BCEE-25DFE4F3DBBB}.Debug|Win32.Build.0 = Debug_DX9|Win32
		{634B52AF-9F1C-480F-BCEE-25DFE4F3DBBB}.Release_DX9|Win32.ActiveCfg = Release_DX9|Win32
		{634B52AF-9F1C-480F-BCEE-25DFE4F3DBBB}.Release_DX9|Win32.Build.0 = Release_DX9|Win32
		{634B52AF-9F1C-480F-BCEE-25DFE4F3DBBB}.Release|Win32.ActiveCfg = Release_DX9|Win32
		{634B52AF-9F1C-480F-BCEE-25DFE4F3DBBB}.Release|Win32.Build.0 = Release_DX9|Win32
		{BC9D72EE-D56D-450E-A019-7B71BFD4F894}.Debug_DX9|Win32.ActiveCfg = Debug_DX9|Win32
		{BC9D72EE-D56D-450E-A019-7B71BFD4F894}.Debug_DX9|Win32.Build.0 = Debug_DX9|Win32
		{BC9D72EE-D56D-450E-A019-7B71BFD4F894}.Debug|Win32.ActiveCfg = Debug_DX9|Win32
		{BC9D72EE-D56D-450E-A019-7B71BFD4F894}.Debug|Win32.Build.0 = Debug_DX9|Win32
		{BC9D72EE-D56D-450E-A019-7B71BFD4F894}.Release_DX9|Win32.ActiveCfg = Release_DX9|Win32
		{BC9D72EE-D56D-450E-A019-7B71BFD4F894}.Release_DX9|Win32.Build.0 = Release_DX9|Win32
		{BC9D72EE-D56D-450E-A019-7B71BFD4F894}.Release|Win32.ActiveCfg = Release_DX9|Win32
		{BC9D72EE-D56D-450E-A019-7B71BFD4F894}.Release|Win32.Build.0 = Release_DX9|Win32
		{BB6C1CD4-B19C-4972-8F66-ADE6ADBCA27F}.Debug_DX9|Win32.ActiveCfg = Debug_DX9|Win32
		{BB6C1CD4-B19C-4972-8F66-ADE6ADBCA27F}.Debug_DX9|Win32.Build.0 = Debug_DX9|Win32
		{BB6C1CD4-B19C-4972-8F66-ADE6ADBCA27F}.Debug|Win32.ActiveCfg = Debug_DX9|Win32
		{BB6C1CD4-B19C-4972-8F66-ADE6ADBCA27F}.Debug|Win32.Build.0 = Debug_DX9|Win32
		{BB6C1CD4-B19C-4972-8F66-ADE6ADBCA27F}.Release_DX9|Win32.ActiveCfg = Release_DX9|Win32
		{BB6C1CD4-B19C-4972-8F66-ADE6ADBCA27F}.Release_DX9|Win32.Build.0 = Release_DX9|Win32
		{BB6C1CD4-B19C-4972-8F66-ADE6ADBCA27F}.Release|Win32.ActiveCfg = Release_DX9|Win32
		{BB6C1CD4-B19C-4972-8F66-ADE6ADBCA27F}.Release|Win32.Build.0 = Release_DX9|Win32
		{1640E1AD-E501-4086-822A-711E564E478B}.Debug_DX9|Win32.ActiveCfg = Debug_DX9|Win32
		{1640E1AD-E501-4086-822A-711E564E478B}.Debug_DX9|Win32.Build.0 = Debug_DX9|Win32
		{1640E1AD-E501-4086-822A-711E564E478B}.Debug|Win32.ActiveCfg = Debug_DX9|Win32
		{1640E1AD-E501-4086-822A-711E564E478B}.Debug|Win32.Build.0 = Debug_DX9|Win32
		{1640E1AD-E501-4086-822A-711E564E478B}.Release_DX9|Win32.ActiveCfg = Release_DX9|Win32
		{1640E1AD-E501-4086-822A-711E564E478B}.Release_DX9|Win32.Build.0 = Release_DX9|Win32
		{1640E1AD-E501-4086-822A-711E564E478B}.Release|Win32.ActiveCfg = Release_DX9|Win32
		{1640E1AD-E501-4086-822A-711E564E478B}.Release|Win32.Build.0 = Release_DX9|Win32
		{7D27461B-039E-40BD-9CC6-84472C54E44E}.Debug_DX9|Win32.ActiveCfg = Debug_DX9|Win32
		{7D27461B-039E-40BD-9CC6-84472C54E44E}.Debug_DX9|Win32.Build.0 = Debug_DX9|Win32
		{7D27461B-039E-40BD-9CC6-84472C54E44E}.Debug|Win32.ActiveCfg = Debug_DX9|Win32
		{7D27461B-039E-40BD-9CC6-84472C54E44E}.Debug|Win32.Build.0 = Debug_DX9|Win32
		{7D27461B-039E-40BD-9CC6-84472C54E44E}.Release_DX9|Win32.ActiveCfg = Release_DX9|Win32
		{7D27461B-039E-40BD-9CC6-84472C54E44E}.Release_DX9|Win32.Build.0 = Release_DX9|Win32
		{7D27461B-039E-40BD-9CC6-84472C54E44E}.Release|Win32.ActiveCfg = Release_DX9|Win32
		{7D27461B-039E-40BD-9CC6-84472C54E44E}.Release|Win32.Build.0 = Release_DX9|Win32
	EndGlobalSection
	GlobalSection(SolutionProperties) = preSolution
		HideSolutionNode = FALSE
	EndGlobalSection
	GlobalSection(NestedProjects) = preSolution
		{7DDBC048-19F7-42E9-8CE9-CF2B72ED3047} = {A9E5AE3D-D713-440A-B763-1F16A92BB9CC}
		{54F9924D-3241-4142-87A3-6B686601A153} = {A9E5AE3D-D713-440A-B763-1F16A92BB9CC}
		{8DF50D07-3282-449B-A191-F88BB588301B} = {A9E5AE3D-D713-440A-B763-1F16A92BB9CC}
		{54957BB8-C520-47DD-986D-CE1E2C2267F0} = {A9E5AE3D-D713-440A-B763-1F16A92BB9CC}
		{38B3F36A-4139-4D1B-8F95-ABC4427F0AE6} = {A9E5AE3D-D713-440A-B763-1F16A92BB9CC}
		{6D355B38-0CAF-49CC-BCC9-707B7E3AB9E3} = {A9E5AE3D-D713-440A-B763-1F16A92BB9CC}
		{B391D3DE-3F3D-4544-AFCE-817EED7837F0} = {7DDBC048-19F7-42E9-8CE9-CF2B72ED3047}
		{3E4CC7BD-7CE1-4854-ADCF-96ABE7F7A317} = {7DDBC048-19F7-42E9-8CE9-CF2B72ED3047}
		{6D78EAB7-35DC-434A-B0D2-75D3B66F0411} = {7DDBC048-19F7-42E9-8CE9-CF2B72ED3047}
		{C92ED3CD-028A-4025-B6C7-5ED0A5C4CB9A} = {7DDBC048-19F7-42E9-8CE9-CF2B72ED3047}
		{2BF84BF9-524E-4A0C-B723-B345B0ADA843} = {7DDBC048-19F7-42E9-8CE9-CF2B72ED3047}
		{9DB34A96-C943-42A2-B726-CF877EFA2E46} = {7DDBC048-19F7-42E9-8CE9-CF2B72ED3047}
		{634B52AF-9F1C-480F-BCEE-25DFE4F3DBBB} = {7DDBC048-19F7-42E9-8CE9-CF2B72ED3047}
		{BC9D72EE-D56D-450E-A019-7B71BFD4F894} = {7DDBC048-19F7-42E9-8CE9-CF2B72ED3047}
		{AC3BDA4F-7620-448B-A2AB-E8A8140D1F17} = {54F9924D-3241-4142-87A3-6B686601A153}
		{4CB804B2-D1BB-4879-8907-81D5BA9DA4D9} = {54F9924D-3241-4142-87A3-6B686601A153}
		{E63C2010-825B-44EF-AFC2-BE3AF31EC0B9} = {54F9924D-3241-4142-87A3-6B686601A153}
		{E04DB7F2-4913-47EF-9037-0BDC994394C8} = {54F9924D-3241-4142-87A3-6B686601A153}
		{B1A551DC-8998-4E69-8716-5BECE3FEDFC8} = {54F9924D-3241-4142-87A3-6B686601A153}
		{5F9B53BB-2F80-4C57-9312-8B0A7A9B4003} = {54957BB8-C520-47DD-986D-CE1E2C2267F0}
		{BB6C1CD4-B19C-4972-8F66-ADE6ADBCA27F} = {54957BB8-C520-47DD-986D-CE1E2C2267F0}
		{1640E1AD-E501-4086-822A-711E564E478B} = {54957BB8-C520-47DD-986D-CE1E2C2267F0}
		{7D27461B-039E-40BD-9CC6-84472C54E44E} = {54957BB8-C520-47DD-986D-CE1E2C2267F0}
	EndGlobalSection
EndGlobal
