
Microsoft Visual Studio Solution File, Format Version 12.00
# Visual Studio 2013
VisualStudioVersion = 12.0.31101.0
MinimumVisualStudioVersion = 10.0.40219.1
Project("{2150E333-8FDC-42A3-9474-1A3956D46DE8}") = "trials", "trials", "{AB0BAB85-1B63-4CFF-8648-EFB0A9C5704D}"
EndProject
Project("{8BC9CEB8-8B4A-11D0-8D11-00A0C91BC942}") = "SampleKit", "..\..\..\Samples\projects\vs2013\SampleKit.vcxproj", "{DD5D28B8-93F1-4F26-8AD1-DD224CCB9A4F}"
EndProject
Project("{8BC9CEB8-8B4A-11D0-8D11-00A0C91BC942}") = "MarchingCube2D", "MarchingCube2D.vcxproj", "{07B295B3-1E1E-4C80-A347-70E995074DB0}"
EndProject
Global
	GlobalSection(SolutionConfigurationPlatforms) = preSolution
		Debug_DX9|Mixed Platforms = Debug_DX9|Mixed Platforms
		Debug_DX9|Win32 = Debug_DX9|Win32
		Debug_DX9|x64 = Debug_DX9|x64
		Debug_DX9|x86 = Debug_DX9|x86
		Debug_GLES2|Mixed Platforms = Debug_GLES2|Mixed Platforms
		Debug_GLES2|Win32 = Debug_GLES2|Win32
		Debug_GLES2|x64 = Debug_GLES2|x64
		Debug_GLES2|x86 = Debug_GLES2|x86
		Debug_OGL|Mixed Platforms = Debug_OGL|Mixed Platforms
		Debug_OGL|Win32 = Debug_OGL|Win32
		Debug_OGL|x64 = Debug_OGL|x64
		Debug_OGL|x86 = Debug_OGL|x86
		Debug|Mixed Platforms = Debug|Mixed Platforms
		Debug|Win32 = Debug|Win32
		Debug|x64 = Debug|x64
		Debug|x86 = Debug|x86
		Release_DX9|Mixed Platforms = Release_DX9|Mixed Platforms
		Release_DX9|Win32 = Release_DX9|Win32
		Release_DX9|x64 = Release_DX9|x64
		Release_DX9|x86 = Release_DX9|x86
		Release_GLES2|Mixed Platforms = Release_GLES2|Mixed Platforms
		Release_GLES2|Win32 = Release_GLES2|Win32
		Release_GLES2|x64 = Release_GLES2|x64
		Release_GLES2|x86 = Release_GLES2|x86
		Release|Mixed Platforms = Release|Mixed Platforms
		Release|Win32 = Release|Win32
		Release|x64 = Release|x64
		Release|x86 = Release|x86
	EndGlobalSection
	GlobalSection(ProjectConfigurationPlatforms) = postSolution
		{DD5D28B8-93F1-4F26-8AD1-DD224CCB9A4F}.Debug_DX9|Mixed Platforms.ActiveCfg = Debug_DX9|Win32
		{DD5D28B8-93F1-4F26-8AD1-DD224CCB9A4F}.Debug_DX9|Mixed Platforms.Build.0 = Debug_DX9|Win32
		{DD5D28B8-93F1-4F26-8AD1-DD224CCB9A4F}.Debug_DX9|Win32.ActiveCfg = Debug_DX9|Win32
		{DD5D28B8-93F1-4F26-8AD1-DD224CCB9A4F}.Debug_DX9|Win32.Build.0 = Debug_DX9|Win32
		{DD5D28B8-93F1-4F26-8AD1-DD224CCB9A4F}.Debug_DX9|x64.ActiveCfg = Debug_DX9|x64
		{DD5D28B8-93F1-4F26-8AD1-DD224CCB9A4F}.Debug_DX9|x64.Build.0 = Debug_DX9|x64
		{DD5D28B8-93F1-4F26-8AD1-DD224CCB9A4F}.Debug_DX9|x86.ActiveCfg = Debug_DX9|Win32
		{DD5D28B8-93F1-4F26-8AD1-DD224CCB9A4F}.Debug_DX9|x86.Build.0 = Debug_DX9|Win32
		{DD5D28B8-93F1-4F26-8AD1-DD224CCB9A4F}.Debug_GLES2|Mixed Platforms.ActiveCfg = Debug_GLES2|Win32
		{DD5D28B8-93F1-4F26-8AD1-DD224CCB9A4F}.Debug_GLES2|Mixed Platforms.Build.0 = Debug_GLES2|Win32
		{DD5D28B8-93F1-4F26-8AD1-DD224CCB9A4F}.Debug_GLES2|Win32.ActiveCfg = Debug_GLES2|Win32
		{DD5D28B8-93F1-4F26-8AD1-DD224CCB9A4F}.Debug_GLES2|Win32.Build.0 = Debug_GLES2|Win32
		{DD5D28B8-93F1-4F26-8AD1-DD224CCB9A4F}.Debug_GLES2|x64.ActiveCfg = Debug_GLES2|x64
		{DD5D28B8-93F1-4F26-8AD1-DD224CCB9A4F}.Debug_GLES2|x64.Build.0 = Debug_GLES2|x64
		{DD5D28B8-93F1-4F26-8AD1-DD224CCB9A4F}.Debug_GLES2|x86.ActiveCfg = Debug_GLES2|Win32
		{DD5D28B8-93F1-4F26-8AD1-DD224CCB9A4F}.Debug_GLES2|x86.Build.0 = Debug_GLES2|Win32
		{DD5D28B8-93F1-4F26-8AD1-DD224CCB9A4F}.Debug_OGL|Mixed Platforms.ActiveCfg = Debug_OGL|Win32
		{DD5D28B8-93F1-4F26-8AD1-DD224CCB9A4F}.Debug_OGL|Mixed Platforms.Build.0 = Debug_OGL|Win32
		{DD5D28B8-93F1-4F26-8AD1-DD224CCB9A4F}.Debug_OGL|Win32.ActiveCfg = Debug_OGL|Win32
		{DD5D28B8-93F1-4F26-8AD1-DD224CCB9A4F}.Debug_OGL|Win32.Build.0 = Debug_OGL|Win32
		{DD5D28B8-93F1-4F26-8AD1-DD224CCB9A4F}.Debug_OGL|x64.ActiveCfg = Debug_OGL|x64
		{DD5D28B8-93F1-4F26-8AD1-DD224CCB9A4F}.Debug_OGL|x64.Build.0 = Debug_OGL|x64
		{DD5D28B8-93F1-4F26-8AD1-DD224CCB9A4F}.Debug_OGL|x86.ActiveCfg = Debug_OGL|Win32
		{DD5D28B8-93F1-4F26-8AD1-DD224CCB9A4F}.Debug_OGL|x86.Build.0 = Debug_OGL|Win32
		{DD5D28B8-93F1-4F26-8AD1-DD224CCB9A4F}.Debug|Mixed Platforms.ActiveCfg = Debug_GLES2|Win32
		{DD5D28B8-93F1-4F26-8AD1-DD224CCB9A4F}.Debug|Mixed Platforms.Build.0 = Debug_GLES2|Win32
		{DD5D28B8-93F1-4F26-8AD1-DD224CCB9A4F}.Debug|Win32.ActiveCfg = Debug_GLES2|Win32
		{DD5D28B8-93F1-4F26-8AD1-DD224CCB9A4F}.Debug|Win32.Build.0 = Debug_GLES2|Win32
		{DD5D28B8-93F1-4F26-8AD1-DD224CCB9A4F}.Debug|x64.ActiveCfg = Debug_GLES2|x64
		{DD5D28B8-93F1-4F26-8AD1-DD224CCB9A4F}.Debug|x64.Build.0 = Debug_GLES2|x64
		{DD5D28B8-93F1-4F26-8AD1-DD224CCB9A4F}.Debug|x86.ActiveCfg = Debug_GLES2|Win32
		{DD5D28B8-93F1-4F26-8AD1-DD224CCB9A4F}.Debug|x86.Build.0 = Debug_GLES2|Win32
		{DD5D28B8-93F1-4F26-8AD1-DD224CCB9A4F}.Release_DX9|Mixed Platforms.ActiveCfg = Release_DX9|Win32
		{DD5D28B8-93F1-4F26-8AD1-DD224CCB9A4F}.Release_DX9|Mixed Platforms.Build.0 = Release_DX9|Win32
		{DD5D28B8-93F1-4F26-8AD1-DD224CCB9A4F}.Release_DX9|Win32.ActiveCfg = Release_DX9|Win32
		{DD5D28B8-93F1-4F26-8AD1-DD224CCB9A4F}.Release_DX9|Win32.Build.0 = Release_DX9|Win32
		{DD5D28B8-93F1-4F26-8AD1-DD224CCB9A4F}.Release_DX9|x64.ActiveCfg = Release_DX9|x64
		{DD5D28B8-93F1-4F26-8AD1-DD224CCB9A4F}.Release_DX9|x64.Build.0 = Release_DX9|x64
		{DD5D28B8-93F1-4F26-8AD1-DD224CCB9A4F}.Release_DX9|x86.ActiveCfg = Release_DX9|Win32
		{DD5D28B8-93F1-4F26-8AD1-DD224CCB9A4F}.Release_DX9|x86.Build.0 = Release_DX9|Win32
		{DD5D28B8-93F1-4F26-8AD1-DD224CCB9A4F}.Release_GLES2|Mixed Platforms.ActiveCfg = Release_GLES2|Win32
		{DD5D28B8-93F1-4F26-8AD1-DD224CCB9A4F}.Release_GLES2|Mixed Platforms.Build.0 = Release_GLES2|Win32
		{DD5D28B8-93F1-4F26-8AD1-DD224CCB9A4F}.Release_GLES2|Win32.ActiveCfg = Release_GLES2|Win32
		{DD5D28B8-93F1-4F26-8AD1-DD224CCB9A4F}.Release_GLES2|Win32.Build.0 = Release_GLES2|Win32
		{DD5D28B8-93F1-4F26-8AD1-DD224CCB9A4F}.Release_GLES2|x64.ActiveCfg = Release_GLES2|x64
		{DD5D28B8-93F1-4F26-8AD1-DD224CCB9A4F}.Release_GLES2|x64.Build.0 = Release_GLES2|x64
		{DD5D28B8-93F1-4F26-8AD1-DD224CCB9A4F}.Release_GLES2|x86.ActiveCfg = Release_GLES2|Win32
		{DD5D28B8-93F1-4F26-8AD1-DD224CCB9A4F}.Release_GLES2|x86.Build.0 = Release_GLES2|Win32
		{DD5D28B8-93F1-4F26-8AD1-DD224CCB9A4F}.Release|Mixed Platforms.ActiveCfg = Release_DX9|Win32
		{DD5D28B8-93F1-4F26-8AD1-DD224CCB9A4F}.Release|Mixed Platforms.Build.0 = Release_DX9|Win32
		{DD5D28B8-93F1-4F26-8AD1-DD224CCB9A4F}.Release|Win32.ActiveCfg = Release_DX9|Win32
		{DD5D28B8-93F1-4F26-8AD1-DD224CCB9A4F}.Release|Win32.Build.0 = Release_DX9|Win32
		{DD5D28B8-93F1-4F26-8AD1-DD224CCB9A4F}.Release|x64.ActiveCfg = Release_DX9|x64
		{DD5D28B8-93F1-4F26-8AD1-DD224CCB9A4F}.Release|x64.Build.0 = Release_DX9|x64
		{DD5D28B8-93F1-4F26-8AD1-DD224CCB9A4F}.Release|x86.ActiveCfg = Release_DX9|Win32
		{DD5D28B8-93F1-4F26-8AD1-DD224CCB9A4F}.Release|x86.Build.0 = Release_DX9|Win32
		{07B295B3-1E1E-4C80-A347-70E995074DB0}.Debug_DX9|Mixed Platforms.ActiveCfg = Debug_DX9|Win32
		{07B295B3-1E1E-4C80-A347-70E995074DB0}.Debug_DX9|Mixed Platforms.Build.0 = Debug_DX9|Win32
		{07B295B3-1E1E-4C80-A347-70E995074DB0}.Debug_DX9|Win32.ActiveCfg = Debug_DX9|Win32
		{07B295B3-1E1E-4C80-A347-70E995074DB0}.Debug_DX9|Win32.Build.0 = Debug_DX9|Win32
		{07B295B3-1E1E-4C80-A347-70E995074DB0}.Debug_DX9|x64.ActiveCfg = Debug_DX9|x64
		{07B295B3-1E1E-4C80-A347-70E995074DB0}.Debug_DX9|x64.Build.0 = Debug_DX9|x64
		{07B295B3-1E1E-4C80-A347-70E995074DB0}.Debug_DX9|x86.ActiveCfg = Debug_DX9|Win32
		{07B295B3-1E1E-4C80-A347-70E995074DB0}.Debug_DX9|x86.Build.0 = Debug_DX9|Win32
		{07B295B3-1E1E-4C80-A347-70E995074DB0}.Debug_GLES2|Mixed Platforms.ActiveCfg = Debug_GLES2|Win32
		{07B295B3-1E1E-4C80-A347-70E995074DB0}.Debug_GLES2|Mixed Platforms.Build.0 = Debug_GLES2|Win32
		{07B295B3-1E1E-4C80-A347-70E995074DB0}.Debug_GLES2|Win32.ActiveCfg = Debug_GLES2|Win32
		{07B295B3-1E1E-4C80-A347-70E995074DB0}.Debug_GLES2|Win32.Build.0 = Debug_GLES2|Win32
		{07B295B3-1E1E-4C80-A347-70E995074DB0}.Debug_GLES2|x64.ActiveCfg = Debug_GLES2|x64
		{07B295B3-1E1E-4C80-A347-70E995074DB0}.Debug_GLES2|x64.Build.0 = Debug_GLES2|x64
		{07B295B3-1E1E-4C80-A347-70E995074DB0}.Debug_GLES2|x86.ActiveCfg = Debug_GLES2|Win32
		{07B295B3-1E1E-4C80-A347-70E995074DB0}.Debug_GLES2|x86.Build.0 = Debug_GLES2|Win32
		{07B295B3-1E1E-4C80-A347-70E995074DB0}.Debug_OGL|Mixed Platforms.ActiveCfg = Debug_OGL|Win32
		{07B295B3-1E1E-4C80-A347-70E995074DB0}.Debug_OGL|Mixed Platforms.Build.0 = Debug_OGL|Win32
		{07B295B3-1E1E-4C80-A347-70E995074DB0}.Debug_OGL|Win32.ActiveCfg = Debug_OGL|Win32
		{07B295B3-1E1E-4C80-A347-70E995074DB0}.Debug_OGL|Win32.Build.0 = Debug_OGL|Win32
		{07B295B3-1E1E-4C80-A347-70E995074DB0}.Debug_OGL|x64.ActiveCfg = Debug_OGL|x64
		{07B295B3-1E1E-4C80-A347-70E995074DB0}.Debug_OGL|x64.Build.0 = Debug_OGL|x64
		{07B295B3-1E1E-4C80-A347-70E995074DB0}.Debug_OGL|x86.ActiveCfg = Debug_OGL|Win32
		{07B295B3-1E1E-4C80-A347-70E995074DB0}.Debug_OGL|x86.Build.0 = Debug_OGL|Win32
		{07B295B3-1E1E-4C80-A347-70E995074DB0}.Debug|Mixed Platforms.ActiveCfg = Debug_GLES2|Win32
		{07B295B3-1E1E-4C80-A347-70E995074DB0}.Debug|Mixed Platforms.Build.0 = Debug_GLES2|Win32
		{07B295B3-1E1E-4C80-A347-70E995074DB0}.Debug|Win32.ActiveCfg = Debug_GLES2|Win32
		{07B295B3-1E1E-4C80-A347-70E995074DB0}.Debug|Win32.Build.0 = Debug_GLES2|Win32
		{07B295B3-1E1E-4C80-A347-70E995074DB0}.Debug|x64.ActiveCfg = Debug_GLES2|x64
		{07B295B3-1E1E-4C80-A347-70E995074DB0}.Debug|x64.Build.0 = Debug_GLES2|x64
		{07B295B3-1E1E-4C80-A347-70E995074DB0}.Debug|x86.ActiveCfg = Debug_GLES2|Win32
		{07B295B3-1E1E-4C80-A347-70E995074DB0}.Debug|x86.Build.0 = Debug_GLES2|Win32
		{07B295B3-1E1E-4C80-A347-70E995074DB0}.Release_DX9|Mixed Platforms.ActiveCfg = Release_DX9|Win32
		{07B295B3-1E1E-4C80-A347-70E995074DB0}.Release_DX9|Mixed Platforms.Build.0 = Release_DX9|Win32
		{07B295B3-1E1E-4C80-A347-70E995074DB0}.Release_DX9|Win32.ActiveCfg = Release_DX9|Win32
		{07B295B3-1E1E-4C80-A347-70E995074DB0}.Release_DX9|Win32.Build.0 = Release_DX9|Win32
		{07B295B3-1E1E-4C80-A347-70E995074DB0}.Release_DX9|x64.ActiveCfg = Release_DX9|x64
		{07B295B3-1E1E-4C80-A347-70E995074DB0}.Release_DX9|x64.Build.0 = Release_DX9|x64
		{07B295B3-1E1E-4C80-A347-70E995074DB0}.Release_DX9|x86.ActiveCfg = Release_DX9|Win32
		{07B295B3-1E1E-4C80-A347-70E995074DB0}.Release_DX9|x86.Build.0 = Release_DX9|Win32
		{07B295B3-1E1E-4C80-A347-70E995074DB0}.Release_GLES2|Mixed Platforms.ActiveCfg = Release_GLES2|Win32
		{07B295B3-1E1E-4C80-A347-70E995074DB0}.Release_GLES2|Mixed Platforms.Build.0 = Release_GLES2|Win32
		{07B295B3-1E1E-4C80-A347-70E995074DB0}.Release_GLES2|Win32.ActiveCfg = Release_GLES2|Win32
		{07B295B3-1E1E-4C80-A347-70E995074DB0}.Release_GLES2|Win32.Build.0 = Release_GLES2|Win32
		{07B295B3-1E1E-4C80-A347-70E995074DB0}.Release_GLES2|x64.ActiveCfg = Release_GLES2|x64
		{07B295B3-1E1E-4C80-A347-70E995074DB0}.Release_GLES2|x64.Build.0 = Release_GLES2|x64
		{07B295B3-1E1E-4C80-A347-70E995074DB0}.Release_GLES2|x86.ActiveCfg = Release_GLES2|Win32
		{07B295B3-1E1E-4C80-A347-70E995074DB0}.Release_GLES2|x86.Build.0 = Release_GLES2|Win32
		{07B295B3-1E1E-4C80-A347-70E995074DB0}.Release|Mixed Platforms.ActiveCfg = Release_DX9|Win32
		{07B295B3-1E1E-4C80-A347-70E995074DB0}.Release|Mixed Platforms.Build.0 = Release_DX9|Win32
		{07B295B3-1E1E-4C80-A347-70E995074DB0}.Release|Win32.ActiveCfg = Release_DX9|Win32
		{07B295B3-1E1E-4C80-A347-70E995074DB0}.Release|Win32.Build.0 = Release_DX9|Win32
		{07B295B3-1E1E-4C80-A347-70E995074DB0}.Release|x64.ActiveCfg = Release_DX9|x64
		{07B295B3-1E1E-4C80-A347-70E995074DB0}.Release|x64.Build.0 = Release_DX9|x64
		{07B295B3-1E1E-4C80-A347-70E995074DB0}.Release|x86.ActiveCfg = Release_DX9|Win32
		{07B295B3-1E1E-4C80-A347-70E995074DB0}.Release|x86.Build.0 = Release_DX9|Win32
	EndGlobalSection
	GlobalSection(SolutionProperties) = preSolution
		HideSolutionNode = FALSE
	EndGlobalSection
	GlobalSection(NestedProjects) = preSolution
		{07B295B3-1E1E-4C80-A347-70E995074DB0} = {AB0BAB85-1B63-4CFF-8648-EFB0A9C5704D}
	EndGlobalSection
EndGlobal
