<?xml version="1.0" encoding="utf-8"?>
<Project ToolsVersion="4.0" xmlns="http://schemas.microsoft.com/developer/msbuild/2003">
  <ItemGroup>
    <Filter Include="include">
      <UniqueIdentifier>{977bb6d4-be9b-4732-a0d0-00c95b234ffe}</UniqueIdentifier>
    </Filter>
    <Filter Include="source">
      <UniqueIdentifier>{8f4fa678-89c8-414d-b747-7694d01abb75}</UniqueIdentifier>
    </Filter>
    <Filter Include="shader">
      <UniqueIdentifier>{f2806b7a-e561-492d-98e7-559f972168ed}</UniqueIdentifier>
    </Filter>
    <Filter Include="asset">
      <UniqueIdentifier>{454389db-4d85-48ed-8792-3ae47e7e4fbb}</UniqueIdentifier>
    </Filter>
  </ItemGroup>
  <ItemGroup>
    <ClInclude Include="..\..\DebugMesh\DebugMeshApp.h">
      <Filter>include</Filter>
    </ClInclude>
  </ItemGroup>
  <ItemGroup>
    <ClCompile Include="..\..\DebugMesh\DebugMeshApp.cpp">
      <Filter>source</Filter>
    </ClCompile>
    <ClCompile Include="..\..\DebugMesh\main.cpp">
      <Filter>source</Filter>
    </ClCompile>
  </ItemGroup>
  <ItemGroup>
    <None Include="..\..\DebugMesh\shader\BasicShader.fx">
      <Filter>shader</Filter>
    </None>
  </ItemGroup>
  <ItemGroup>
    <CustomBuild Include="..\..\DebugMesh\shader\BasicShader.xml">
      <Filter>shader</Filter>
    </CustomBuild>
    <CustomBuild Include="..\..\..\Media\earth.xml">
      <Filter>asset</Filter>
    </CustomBuild>
  </ItemGroup>
</Project>
