<?xml version="1.0" encoding="utf-8"?>
<Project ToolsVersion="4.0" xmlns="http://schemas.microsoft.com/developer/msbuild/2003">
  <ItemGroup>
    <Filter Include="include">
      <UniqueIdentifier>{8cc8ff31-fe8b-4b4b-96f9-02bc1db36414}</UniqueIdentifier>
    </Filter>
    <Filter Include="source">
      <UniqueIdentifier>{94dc2739-1eea-4d10-b8de-9352950c7443}</UniqueIdentifier>
    </Filter>
    <Filter Include="source\windows">
      <UniqueIdentifier>{fb4636d2-ab7f-4fcd-933b-c0006c911391}</UniqueIdentifier>
    </Filter>
  </ItemGroup>
  <ItemGroup>
    <ClInclude Include="..\..\include\network\NetworkTCP.h">
      <Filter>include</Filter>
    </ClInclude>
    <ClInclude Include="..\..\include\network\Network.h">
      <Filter>include</Filter>
    </ClInclude>
  </ItemGroup>
  <ItemGroup>
    <ClCompile Include="..\..\source\network\Network.cpp">
      <Filter>source</Filter>
    </ClCompile>
    <ClCompile Include="..\..\source\network\windows\Network_win.cpp">
      <Filter>source\windows</Filter>
    </ClCompile>
    <ClCompile Include="..\..\source\network\NetworkTCP.cpp">
      <Filter>source</Filter>
    </ClCompile>
  </ItemGroup>
</Project>