
Microsoft Visual Studio Solution File, Format Version 9.00
# Visual Studio 2005
Project("{8BC9CEB8-8B4A-11D0-8D11-00A0C91BC942}") = "SampleKit", "SampleKit.vcproj", "{DD5D28B8-93F1-4F26-8AD1-DD224CCB9A4F}"
EndProject
Project("{8BC9CEB8-8B4A-11D0-8D11-00A0C91BC942}") = "Render2D", "Render2D.vcproj", "{38B3F36A-4139-4D1B-8F95-ABC4427F0AE6}"
	ProjectSection(ProjectDependencies) = postProject
		{DD5D28B8-93F1-4F26-8AD1-DD224CCB9A4F} = {DD5D28B8-93F1-4F26-8AD1-DD224CCB9A4F}
	EndProjectSection
EndProject
Project("{2150E333-8FDC-42A3-9474-1A3956D46DE8}") = "samples", "samples", "{A9E5AE3D-D713-440A-B763-1F16A92BB9CC}"
EndProject
Project("{8BC9CEB8-8B4A-11D0-8D11-00A0C91BC942}") = "Shader", "Shader.vcproj", "{AC3BDA4F-7620-448B-A2AB-E8A8140D1F17}"
	ProjectSection(ProjectDependencies) = postProject
		{DD5D28B8-93F1-4F26-8AD1-DD224CCB9A4F} = {DD5D28B8-93F1-4F26-8AD1-DD224CCB9A4F}
	EndProjectSection
EndProject
Project("{8BC9CEB8-8B4A-11D0-8D11-00A0C91BC942}") = "DebugMesh", "DebugMesh.vcproj", "{8DF50D07-3282-449B-A191-F88BB588301B}"
	ProjectSection(ProjectDependencies) = postProject
		{DD5D28B8-93F1-4F26-8AD1-DD224CCB9A4F} = {DD5D28B8-93F1-4F26-8AD1-DD224CCB9A4F}
	EndProjectSection
EndProject
Project("{8BC9CEB8-8B4A-11D0-8D11-00A0C91BC942}") = "State", "State.vcproj", "{B391D3DE-3F3D-4544-AFCE-817EED7837F0}"
	ProjectSection(ProjectDependencies) = postProject
		{DD5D28B8-93F1-4F26-8AD1-DD224CCB9A4F} = {DD5D28B8-93F1-4F26-8AD1-DD224CCB9A4F}
	EndProjectSection
EndProject
Project("{8BC9CEB8-8B4A-11D0-8D11-00A0C91BC942}") = "Model", "Model.vcproj", "{3E4CC7BD-7CE1-4854-ADCF-96ABE7F7A317}"
	ProjectSection(ProjectDependencies) = postProject
		{DD5D28B8-93F1-4F26-8AD1-DD224CCB9A4F} = {DD5D28B8-93F1-4F26-8AD1-DD224CCB9A4F}
	EndProjectSection
EndProject
Project("{8BC9CEB8-8B4A-11D0-8D11-00A0C91BC942}") = "Animation", "Animation.vcproj", "{6D78EAB7-35DC-434A-B0D2-75D3B66F0411}"
	ProjectSection(ProjectDependencies) = postProject
		{DD5D28B8-93F1-4F26-8AD1-DD224CCB9A4F} = {DD5D28B8-93F1-4F26-8AD1-DD224CCB9A4F}
	EndProjectSection
EndProject
Project("{8BC9CEB8-8B4A-11D0-8D11-00A0C91BC942}") = "Material", "Material.vcproj", "{C92ED3CD-028A-4025-B6C7-5ED0A5C4CB9A}"
	ProjectSection(ProjectDependencies) = postProject
		{DD5D28B8-93F1-4F26-8AD1-DD224CCB9A4F} = {DD5D28B8-93F1-4F26-8AD1-DD224CCB9A4F}
	EndProjectSection
EndProject
Project("{8BC9CEB8-8B4A-11D0-8D11-00A0C91BC942}") = "ProjectedTextureShadow", "ProjectedTextureShadow.vcproj", "{4CB804B2-D1BB-4879-8907-81D5BA9DA4D9}"
	ProjectSection(ProjectDependencies) = postProject
		{DD5D28B8-93F1-4F26-8AD1-DD224CCB9A4F} = {DD5D28B8-93F1-4F26-8AD1-DD224CCB9A4F}
	EndProjectSection
EndProject
Project("{8BC9CEB8-8B4A-11D0-8D11-00A0C91BC942}") = "FontBitmap", "FontBitmap.vcproj", "{5F9B53BB-2F80-4C57-9312-8B0A7A9B4003}"
	ProjectSection(ProjectDependencies) = postProject
		{DD5D28B8-93F1-4F26-8AD1-DD224CCB9A4F} = {DD5D28B8-93F1-4F26-8AD1-DD224CCB9A4F}
	EndProjectSection
EndProject
Global
	GlobalSection(SolutionConfigurationPlatforms) = preSolution
		Debug_DX9|Win32 = Debug_DX9|Win32
		Release_DX9|Win32 = Release_DX9|Win32
	EndGlobalSection
	GlobalSection(ProjectConfigurationPlatforms) = postSolution
		{DD5D28B8-93F1-4F26-8AD1-DD224CCB9A4F}.Debug_DX9|Win32.ActiveCfg = Debug_DX9|Win32
		{DD5D28B8-93F1-4F26-8AD1-DD224CCB9A4F}.Debug_DX9|Win32.Build.0 = Debug_DX9|Win32
		{DD5D28B8-93F1-4F26-8AD1-DD224CCB9A4F}.Release_DX9|Win32.ActiveCfg = Release_DX9|Win32
		{DD5D28B8-93F1-4F26-8AD1-DD224CCB9A4F}.Release_DX9|Win32.Build.0 = Release_DX9|Win32
		{38B3F36A-4139-4D1B-8F95-ABC4427F0AE6}.Debug_DX9|Win32.ActiveCfg = Debug_DX9|Win32
		{38B3F36A-4139-4D1B-8F95-ABC4427F0AE6}.Debug_DX9|Win32.Build.0 = Debug_DX9|Win32
		{38B3F36A-4139-4D1B-8F95-ABC4427F0AE6}.Release_DX9|Win32.ActiveCfg = Release_DX9|Win32
		{38B3F36A-4139-4D1B-8F95-ABC4427F0AE6}.Release_DX9|Win32.Build.0 = Release_DX9|Win32
		{AC3BDA4F-7620-448B-A2AB-E8A8140D1F17}.Debug_DX9|Win32.ActiveCfg = Debug_DX9|Win32
		{AC3BDA4F-7620-448B-A2AB-E8A8140D1F17}.Debug_DX9|Win32.Build.0 = Debug_DX9|Win32
		{AC3BDA4F-7620-448B-A2AB-E8A8140D1F17}.Release_DX9|Win32.ActiveCfg = Release_DX9|Win32
		{AC3BDA4F-7620-448B-A2AB-E8A8140D1F17}.Release_DX9|Win32.Build.0 = Release_DX9|Win32
		{8DF50D07-3282-449B-A191-F88BB588301B}.Debug_DX9|Win32.ActiveCfg = Debug_DX9|Win32
		{8DF50D07-3282-449B-A191-F88BB588301B}.Debug_DX9|Win32.Build.0 = Debug_DX9|Win32
		{8DF50D07-3282-449B-A191-F88BB588301B}.Release_DX9|Win32.ActiveCfg = Release_DX9|Win32
		{8DF50D07-3282-449B-A191-F88BB588301B}.Release_DX9|Win32.Build.0 = Release_DX9|Win32
		{B391D3DE-3F3D-4544-AFCE-817EED7837F0}.Debug_DX9|Win32.ActiveCfg = Debug_DX9|Win32
		{B391D3DE-3F3D-4544-AFCE-817EED7837F0}.Debug_DX9|Win32.Build.0 = Debug_DX9|Win32
		{B391D3DE-3F3D-4544-AFCE-817EED7837F0}.Release_DX9|Win32.ActiveCfg = Release_DX9|Win32
		{B391D3DE-3F3D-4544-AFCE-817EED7837F0}.Release_DX9|Win32.Build.0 = Release_DX9|Win32
		{3E4CC7BD-7CE1-4854-ADCF-96ABE7F7A317}.Debug_DX9|Win32.ActiveCfg = Debug_DX9|Win32
		{3E4CC7BD-7CE1-4854-ADCF-96ABE7F7A317}.Debug_DX9|Win32.Build.0 = Debug_DX9|Win32
		{3E4CC7BD-7CE1-4854-ADCF-96ABE7F7A317}.Release_DX9|Win32.ActiveCfg = Release_DX9|Win32
		{3E4CC7BD-7CE1-4854-ADCF-96ABE7F7A317}.Release_DX9|Win32.Build.0 = Release_DX9|Win32
		{6D78EAB7-35DC-434A-B0D2-75D3B66F0411}.Debug_DX9|Win32.ActiveCfg = Debug_DX9|Win32
		{6D78EAB7-35DC-434A-B0D2-75D3B66F0411}.Debug_DX9|Win32.Build.0 = Debug_DX9|Win32
		{6D78EAB7-35DC-434A-B0D2-75D3B66F0411}.Release_DX9|Win32.ActiveCfg = Release_DX9|Win32
		{6D78EAB7-35DC-434A-B0D2-75D3B66F0411}.Release_DX9|Win32.Build.0 = Release_DX9|Win32
		{C92ED3CD-028A-4025-B6C7-5ED0A5C4CB9A}.Debug_DX9|Win32.ActiveCfg = Debug_DX9|Win32
		{C92ED3CD-028A-4025-B6C7-5ED0A5C4CB9A}.Debug_DX9|Win32.Build.0 = Debug_DX9|Win32
		{C92ED3CD-028A-4025-B6C7-5ED0A5C4CB9A}.Release_DX9|Win32.ActiveCfg = Release_DX9|Win32
		{C92ED3CD-028A-4025-B6C7-5ED0A5C4CB9A}.Release_DX9|Win32.Build.0 = Release_DX9|Win32
		{4CB804B2-D1BB-4879-8907-81D5BA9DA4D9}.Debug_DX9|Win32.ActiveCfg = Debug_DX9|Win32
		{4CB804B2-D1BB-4879-8907-81D5BA9DA4D9}.Debug_DX9|Win32.Build.0 = Debug_DX9|Win32
		{4CB804B2-D1BB-4879-8907-81D5BA9DA4D9}.Release_DX9|Win32.ActiveCfg = Release_DX9|Win32
		{4CB804B2-D1BB-4879-8907-81D5BA9DA4D9}.Release_DX9|Win32.Build.0 = Release_DX9|Win32
		{5F9B53BB-2F80-4C57-9312-8B0A7A9B4003}.Debug_DX9|Win32.ActiveCfg = Debug_DX9|Win32
		{5F9B53BB-2F80-4C57-9312-8B0A7A9B4003}.Debug_DX9|Win32.Build.0 = Debug_DX9|Win32
		{5F9B53BB-2F80-4C57-9312-8B0A7A9B4003}.Release_DX9|Win32.ActiveCfg = Release_DX9|Win32
		{5F9B53BB-2F80-4C57-9312-8B0A7A9B4003}.Release_DX9|Win32.Build.0 = Release_DX9|Win32
	EndGlobalSection
	GlobalSection(SolutionProperties) = preSolution
		HideSolutionNode = FALSE
	EndGlobalSection
	GlobalSection(NestedProjects) = preSolution
		{38B3F36A-4139-4D1B-8F95-ABC4427F0AE6} = {A9E5AE3D-D713-440A-B763-1F16A92BB9CC}
		{AC3BDA4F-7620-448B-A2AB-E8A8140D1F17} = {A9E5AE3D-D713-440A-B763-1F16A92BB9CC}
		{8DF50D07-3282-449B-A191-F88BB588301B} = {A9E5AE3D-D713-440A-B763-1F16A92BB9CC}
		{B391D3DE-3F3D-4544-AFCE-817EED7837F0} = {A9E5AE3D-D713-440A-B763-1F16A92BB9CC}
		{3E4CC7BD-7CE1-4854-ADCF-96ABE7F7A317} = {A9E5AE3D-D713-440A-B763-1F16A92BB9CC}
		{6D78EAB7-35DC-434A-B0D2-75D3B66F0411} = {A9E5AE3D-D713-440A-B763-1F16A92BB9CC}
		{C92ED3CD-028A-4025-B6C7-5ED0A5C4CB9A} = {A9E5AE3D-D713-440A-B763-1F16A92BB9CC}
		{4CB804B2-D1BB-4879-8907-81D5BA9DA4D9} = {A9E5AE3D-D713-440A-B763-1F16A92BB9CC}
		{5F9B53BB-2F80-4C57-9312-8B0A7A9B4003} = {A9E5AE3D-D713-440A-B763-1F16A92BB9CC}
	EndGlobalSection
EndGlobal
