<?xml version="1.0" encoding="utf-8"?>
<Project ToolsVersion="4.0" xmlns="http://schemas.microsoft.com/developer/msbuild/2003">
  <ItemGroup>
    <ClCompile Include="..\..\ColorCollection\ColorCollectionApp.cpp">
      <Filter>src</Filter>
    </ClCompile>
    <ClCompile Include="..\..\ColorCollection\main.cpp">
      <Filter>src</Filter>
    </ClCompile>
  </ItemGroup>
  <ItemGroup>
    <CustomBuild Include="..\..\ColorCollection\image.xml">
      <Filter>asset</Filter>
    </CustomBuild>
    <CustomBuild Include="..\..\ColorCollection\shader\ColorCollectionShader.xml">
      <Filter>shader</Filter>
    </CustomBuild>
  </ItemGroup>
  <ItemGroup>
    <Filter Include="asset">
      <UniqueIdentifier>{1bfae3b9-b6f7-46eb-a2d0-e10a3c73ac5e}</UniqueIdentifier>
    </Filter>
    <Filter Include="shader">
      <UniqueIdentifier>{5e6d0724-4e79-46e6-98f6-76b3c7e661b5}</UniqueIdentifier>
    </Filter>
    <Filter Include="include">
      <UniqueIdentifier>{8fd407de-d271-4db9-a7c3-1d9a2780d1cb}</UniqueIdentifier>
    </Filter>
    <Filter Include="src">
      <UniqueIdentifier>{be57ac47-30cb-484e-a339-90f5e333afcc}</UniqueIdentifier>
    </Filter>
  </ItemGroup>
  <ItemGroup>
    <None Include="..\..\ColorCollection\shader\ColorCollectionShader.fx">
      <Filter>shader</Filter>
    </None>
  </ItemGroup>
  <ItemGroup>
    <ClInclude Include="..\..\ColorCollection\ColorCollectionApp.h">
      <Filter>include</Filter>
    </ClInclude>
  </ItemGroup>
</Project>