<?xml version="1.0" encoding="utf-8"?>
<Project ToolsVersion="4.0" xmlns="http://schemas.microsoft.com/developer/msbuild/2003">
  <ItemGroup>
    <Filter Include="include">
      <UniqueIdentifier>{750be27c-3f2b-4fbe-9ce3-5ba9e394b517}</UniqueIdentifier>
    </Filter>
    <Filter Include="source">
      <UniqueIdentifier>{db9d92d1-4041-4ec1-97e9-7881e1ab3096}</UniqueIdentifier>
    </Filter>
  </ItemGroup>
  <ItemGroup>
    <ClCompile Include="..\..\NetworkUDP\main.cpp">
      <Filter>source</Filter>
    </ClCompile>
  </ItemGroup>
</Project>