<?xml version="1.0" encoding="utf-8"?>
<Project ToolsVersion="4.0" xmlns="http://schemas.microsoft.com/developer/msbuild/2003">
  <ItemGroup>
    <Filter Include="source">
      <UniqueIdentifier>{4FC737F1-C7A5-4376-A066-2A32D752A2FF}</UniqueIdentifier>
      <Extensions>cpp;c;cc;cxx;def;odl;idl;hpj;bat;asm;asmx</Extensions>
    </Filter>
    <Filter Include="source\thread">
      <UniqueIdentifier>{cb3803d3-3beb-4880-a957-0714568330ce}</UniqueIdentifier>
    </Filter>
    <Filter Include="include">
      <UniqueIdentifier>{93995380-89BD-4b04-88EB-625FBE52EBFB}</UniqueIdentifier>
      <Extensions>h;hpp;hxx;hm;inl;inc;xsd</Extensions>
    </Filter>
    <Filter Include="include\thread">
      <UniqueIdentifier>{84238eb8-ac30-4d95-bf43-3ed8a20814a6}</UniqueIdentifier>
    </Filter>
  </ItemGroup>
  <ItemGroup>
    <ClCompile Include="..\..\source\system\SysCpu.cpp">
      <Filter>source</Filter>
    </ClCompile>
    <ClCompile Include="..\..\source\system\SysDisplay.cpp">
      <Filter>source</Filter>
    </ClCompile>
    <ClCompile Include="..\..\source\system\SysTimer.cpp">
      <Filter>source</Filter>
    </ClCompile>
    <ClCompile Include="..\..\source\system\SysUtil.cpp">
      <Filter>source</Filter>
    </ClCompile>
    <ClCompile Include="..\..\source\system\SysWindow.cpp">
      <Filter>source</Filter>
    </ClCompile>
    <ClCompile Include="..\..\source\system\SysCond_win32.cpp">
      <Filter>source\thread</Filter>
    </ClCompile>
    <ClCompile Include="..\..\source\system\SysEvent_win32.cpp">
      <Filter>source\thread</Filter>
    </ClCompile>
    <ClCompile Include="..\..\source\system\SysMonitor_win32.cpp">
      <Filter>source\thread</Filter>
    </ClCompile>
    <ClCompile Include="..\..\source\system\SysMutex_win32.cpp">
      <Filter>source\thread</Filter>
    </ClCompile>
    <ClCompile Include="..\..\source\system\SysSemaphore_win32.cpp">
      <Filter>source\thread</Filter>
    </ClCompile>
    <ClCompile Include="..\..\source\system\SysThread_win32.cpp">
      <Filter>source\thread</Filter>
    </ClCompile>
  </ItemGroup>
  <ItemGroup>
    <ClInclude Include="..\..\include\system\SysCpu.h">
      <Filter>include</Filter>
    </ClInclude>
    <ClInclude Include="..\..\include\system\SysDisplay.h">
      <Filter>include</Filter>
    </ClInclude>
    <ClInclude Include="..\..\include\system\SysTimer.h">
      <Filter>include</Filter>
    </ClInclude>
    <ClInclude Include="..\..\include\system\SysUtil.h">
      <Filter>include</Filter>
    </ClInclude>
    <ClInclude Include="..\..\include\system\SysWindow.h">
      <Filter>include</Filter>
    </ClInclude>
    <ClInclude Include="..\..\include\system\SysCond.h">
      <Filter>include\thread</Filter>
    </ClInclude>
    <ClInclude Include="..\..\include\system\SysEvent.h">
      <Filter>include\thread</Filter>
    </ClInclude>
    <ClInclude Include="..\..\include\system\SysMonitor.h">
      <Filter>include\thread</Filter>
    </ClInclude>
    <ClInclude Include="..\..\include\system\SysMutex.h">
      <Filter>include\thread</Filter>
    </ClInclude>
    <ClInclude Include="..\..\include\system\SysSemaphore.h">
      <Filter>include\thread</Filter>
    </ClInclude>
    <ClInclude Include="..\..\include\system\SysThread.h">
      <Filter>include\thread</Filter>
    </ClInclude>
    <ClInclude Include="..\..\include\system\SysThreadDefs.h">
      <Filter>include\thread</Filter>
    </ClInclude>
    <ClInclude Include="..\..\include\system\SysThreadUtil.h">
      <Filter>include\thread</Filter>
    </ClInclude>
    <ClInclude Include="..\..\include\izSystem.h" />
    <ClInclude Include="..\..\include\system\SysInterlocked.h">
      <Filter>include\thread</Filter>
    </ClInclude>
  </ItemGroup>
</Project>