<?xml version="1.0" encoding="utf-8"?>
<Project ToolsVersion="4.0" xmlns="http://schemas.microsoft.com/developer/msbuild/2003">
  <ItemGroup>
    <Filter Include="include">
      <UniqueIdentifier>{fdae3f98-40c3-487f-8425-8c3c6999cad6}</UniqueIdentifier>
    </Filter>
    <Filter Include="source">
      <UniqueIdentifier>{1d0e8f1c-5e68-42eb-8a1a-7df49487ecc7}</UniqueIdentifier>
    </Filter>
    <Filter Include="include\JobQueue">
      <UniqueIdentifier>{3e7186e2-cdc7-4375-bf89-9c867eaf6d1c}</UniqueIdentifier>
    </Filter>
    <Filter Include="source\JobQueue">
      <UniqueIdentifier>{d61513bd-5b18-40f4-9e49-b1748200eec8}</UniqueIdentifier>
    </Filter>
  </ItemGroup>
  <ItemGroup>
    <ClInclude Include="..\..\include\threadmodel\ThreadModelJob.h">
      <Filter>include\JobQueue</Filter>
    </ClInclude>
    <ClInclude Include="..\..\include\threadmodel\ThreadModelJobQueue.h">
      <Filter>include\JobQueue</Filter>
    </ClInclude>
    <ClInclude Include="..\..\include\threadmodel\ThreadModelJobWorker.h">
      <Filter>include\JobQueue</Filter>
    </ClInclude>
    <ClInclude Include="..\..\include\izThreadModel.h" />
  </ItemGroup>
  <ItemGroup>
    <ClCompile Include="..\..\source\threadmodel\ThreadModelJobQueue.cpp">
      <Filter>source\JobQueue</Filter>
    </ClCompile>
    <ClCompile Include="..\..\source\threadmodel\ThreadModelJobWorker.cpp">
      <Filter>source\JobQueue</Filter>
    </ClCompile>
    <ClCompile Include="..\..\source\threadmodel\ThreadModelJob.cpp">
      <Filter>source\JobQueue</Filter>
    </ClCompile>
  </ItemGroup>
</Project>