<?xml version="1.0" encoding="utf-8"?>
<Project ToolsVersion="4.0" xmlns="http://schemas.microsoft.com/developer/msbuild/2003">
  <ItemGroup>
    <Filter Include="shader">
      <UniqueIdentifier>{c7faad64-af8f-4b6e-b286-77658fd51e5b}</UniqueIdentifier>
    </Filter>
    <Filter Include="include">
      <UniqueIdentifier>{3762b1b2-b9ad-4916-9643-ce943ecaa0b2}</UniqueIdentifier>
    </Filter>
    <Filter Include="source">
      <UniqueIdentifier>{e49f2fee-8951-42c2-9cb9-241b7686e166}</UniqueIdentifier>
    </Filter>
  </ItemGroup>
  <ItemGroup>
    <None Include="..\..\Scissoring\shader\BasicShader.fx">
      <Filter>shader</Filter>
    </None>
    <None Include="..\..\Scissoring\ReadMe.txt" />
  </ItemGroup>
  <ItemGroup>
    <ClInclude Include="..\..\Scissoring\Scissoring.h">
      <Filter>include</Filter>
    </ClInclude>
  </ItemGroup>
  <ItemGroup>
    <ClCompile Include="..\..\Scissoring\main.cpp">
      <Filter>source</Filter>
    </ClCompile>
    <ClCompile Include="..\..\Scissoring\Scissoring.cpp">
      <Filter>source</Filter>
    </ClCompile>
  </ItemGroup>
  <ItemGroup>
    <CustomBuild Include="..\..\Scissoring\shader\BasicShader.xml">
      <Filter>shader</Filter>
    </CustomBuild>
  </ItemGroup>
</Project>