<?xml version="1.0" encoding="utf-8"?>
<Project ToolsVersion="4.0" xmlns="http://schemas.microsoft.com/developer/msbuild/2003">
  <ItemGroup>
    <Filter Include="MyAppl">
      <UniqueIdentifier>{d129d1de-e346-427c-84c6-cd604dfda2dc}</UniqueIdentifier>
    </Filter>
    <Filter Include="MyAppl\state">
      <UniqueIdentifier>{e419c6d5-9a41-4a23-820a-f6d69c83637d}</UniqueIdentifier>
    </Filter>
    <Filter Include="system">
      <UniqueIdentifier>{32586714-df8a-46dc-adf2-4dafef564f74}</UniqueIdentifier>
    </Filter>
  </ItemGroup>
  <ItemGroup>
    <ClCompile Include="..\..\Shader\MyAppl\MyAppl.cpp">
      <Filter>MyAppl</Filter>
    </ClCompile>
    <ClCompile Include="..\..\Shader\MyAppl\state\StateConstColor.cpp">
      <Filter>MyAppl\state</Filter>
    </ClCompile>
    <ClCompile Include="..\..\Shader\MyAppl\state\StateManager.cpp">
      <Filter>MyAppl\state</Filter>
    </ClCompile>
    <ClCompile Include="..\..\system\MyCamera.cpp">
      <Filter>system</Filter>
    </ClCompile>
    <ClCompile Include="..\..\system\MySystem.cpp">
      <Filter>system</Filter>
    </ClCompile>
    <ClCompile Include="..\..\Shader\main.cpp" />
  </ItemGroup>
  <ItemGroup>
    <ClInclude Include="..\..\Shader\MyAppl\MyAppl.h">
      <Filter>MyAppl</Filter>
    </ClInclude>
    <ClInclude Include="..\..\Shader\MyAppl\state\StateConstColor.h">
      <Filter>MyAppl\state</Filter>
    </ClInclude>
    <ClInclude Include="..\..\Shader\MyAppl\state\StateManager.h">
      <Filter>MyAppl\state</Filter>
    </ClInclude>
    <ClInclude Include="..\..\system\MyCamera.h">
      <Filter>system</Filter>
    </ClInclude>
    <ClInclude Include="..\..\system\MySystem.h">
      <Filter>system</Filter>
    </ClInclude>
  </ItemGroup>
  <ItemGroup>
    <None Include="..\..\Shader\ReadMe.txt" />
  </ItemGroup>
</Project>