<?xml version="1.0" encoding="utf-8"?>
<Project ToolsVersion="4.0" xmlns="http://schemas.microsoft.com/developer/msbuild/2003">
  <ItemGroup>
    <Filter Include="system">
      <UniqueIdentifier>{384f84ee-8254-4287-b745-ed1b713ca110}</UniqueIdentifier>
    </Filter>
    <Filter Include="MyAppl">
      <UniqueIdentifier>{816b24d3-c7a6-4fd0-98eb-67d620905bcd}</UniqueIdentifier>
    </Filter>
    <Filter Include="MyAppl\state">
      <UniqueIdentifier>{874e4984-910e-4741-80f6-fae616bf06ca}</UniqueIdentifier>
    </Filter>
    <Filter Include="MyAppl\fx">
      <UniqueIdentifier>{5a8da8c1-5914-46c4-97d7-30cb1d70bb63}</UniqueIdentifier>
    </Filter>
    <Filter Include="MyAppl\shader">
      <UniqueIdentifier>{a9a53a5b-2766-4464-8a61-67db1204d97c}</UniqueIdentifier>
    </Filter>
  </ItemGroup>
  <ItemGroup>
    <ClCompile Include="..\..\system\MyCamera.cpp">
      <Filter>system</Filter>
    </ClCompile>
    <ClCompile Include="..\..\system\MySystem.cpp">
      <Filter>system</Filter>
    </ClCompile>
    <ClCompile Include="..\..\ShaderTest\MyAppl\MyAppl.cpp">
      <Filter>MyAppl</Filter>
    </ClCompile>
    <ClCompile Include="..\..\ShaderTest\MyAppl\state\StateBasic.cpp">
      <Filter>MyAppl\state</Filter>
    </ClCompile>
    <ClCompile Include="..\..\ShaderTest\MyAppl\state\StateHemiLight.cpp">
      <Filter>MyAppl\state</Filter>
    </ClCompile>
    <ClCompile Include="..\..\ShaderTest\MyAppl\state\StateManager.cpp">
      <Filter>MyAppl\state</Filter>
    </ClCompile>
    <ClCompile Include="..\..\ShaderTest\MyAppl\state\StateMenu.cpp">
      <Filter>MyAppl\state</Filter>
    </ClCompile>
    <ClCompile Include="..\..\ShaderTest\MyAppl\state\StateNormalMap.cpp">
      <Filter>MyAppl\state</Filter>
    </ClCompile>
    <ClCompile Include="..\..\ShaderTest\MyAppl\state\StateParallax.cpp">
      <Filter>MyAppl\state</Filter>
    </ClCompile>
    <ClCompile Include="..\..\ShaderTest\MyAppl\state\StatePhong.cpp">
      <Filter>MyAppl\state</Filter>
    </ClCompile>
    <ClCompile Include="..\..\ShaderTest\MyAppl\state\StateRimLight.cpp">
      <Filter>MyAppl\state</Filter>
    </ClCompile>
    <ClCompile Include="..\..\ShaderTest\MyAppl\shader\HemiLightShader.cpp">
      <Filter>MyAppl\shader</Filter>
    </ClCompile>
    <ClCompile Include="..\..\ShaderTest\MyAppl\shader\PhongShader.cpp">
      <Filter>MyAppl\shader</Filter>
    </ClCompile>
    <ClCompile Include="..\..\ShaderTest\MyAppl\shader\RimLightShader.cpp">
      <Filter>MyAppl\shader</Filter>
    </ClCompile>
    <ClCompile Include="..\..\ShaderTest\MyAppl\shader\ShaderBase.cpp">
      <Filter>MyAppl\shader</Filter>
    </ClCompile>
    <ClCompile Include="..\..\ShaderTest\main.cpp" />
  </ItemGroup>
  <ItemGroup>
    <ClInclude Include="..\..\system\MyCamera.h">
      <Filter>system</Filter>
    </ClInclude>
    <ClInclude Include="..\..\system\MySystem.h">
      <Filter>system</Filter>
    </ClInclude>
    <ClInclude Include="..\..\ShaderTest\MyAppl\MyAppl.h">
      <Filter>MyAppl</Filter>
    </ClInclude>
    <ClInclude Include="..\..\ShaderTest\MyAppl\state\StateBasic.h">
      <Filter>MyAppl\state</Filter>
    </ClInclude>
    <ClInclude Include="..\..\ShaderTest\MyAppl\state\StateHemiLight.h">
      <Filter>MyAppl\state</Filter>
    </ClInclude>
    <ClInclude Include="..\..\ShaderTest\MyAppl\state\StateManager.h">
      <Filter>MyAppl\state</Filter>
    </ClInclude>
    <ClInclude Include="..\..\ShaderTest\MyAppl\state\StateMenu.h">
      <Filter>MyAppl\state</Filter>
    </ClInclude>
    <ClInclude Include="..\..\ShaderTest\MyAppl\state\StateNormalMap.h">
      <Filter>MyAppl\state</Filter>
    </ClInclude>
    <ClInclude Include="..\..\ShaderTest\MyAppl\state\StateParallax.h">
      <Filter>MyAppl\state</Filter>
    </ClInclude>
    <ClInclude Include="..\..\ShaderTest\MyAppl\state\StatePhong.h">
      <Filter>MyAppl\state</Filter>
    </ClInclude>
    <ClInclude Include="..\..\ShaderTest\MyAppl\state\StateRimLight.h">
      <Filter>MyAppl\state</Filter>
    </ClInclude>
    <ClInclude Include="..\..\ShaderTest\MyAppl\shader\BasicShader.h">
      <Filter>MyAppl\shader</Filter>
    </ClInclude>
    <ClInclude Include="..\..\ShaderTest\MyAppl\shader\HemiLightShader.h">
      <Filter>MyAppl\shader</Filter>
    </ClInclude>
    <ClInclude Include="..\..\ShaderTest\MyAppl\shader\NormalMapShader.h">
      <Filter>MyAppl\shader</Filter>
    </ClInclude>
    <ClInclude Include="..\..\ShaderTest\MyAppl\shader\ParallaxShader.h">
      <Filter>MyAppl\shader</Filter>
    </ClInclude>
    <ClInclude Include="..\..\ShaderTest\MyAppl\shader\PhongShader.h">
      <Filter>MyAppl\shader</Filter>
    </ClInclude>
    <ClInclude Include="..\..\ShaderTest\MyAppl\shader\RimLightShader.h">
      <Filter>MyAppl\shader</Filter>
    </ClInclude>
    <ClInclude Include="..\..\ShaderTest\MyAppl\shader\ShaderBase.h">
      <Filter>MyAppl\shader</Filter>
    </ClInclude>
  </ItemGroup>
  <ItemGroup>
    <None Include="..\..\ShaderTest\ReadMe.txt" />
  </ItemGroup>
  <ItemGroup>
    <CustomBuild Include="..\..\ShaderTest\MyAppl\fx\BasicShader.fx">
      <Filter>MyAppl\fx</Filter>
    </CustomBuild>
    <CustomBuild Include="..\..\ShaderTest\MyAppl\fx\HemiLightShader.fx">
      <Filter>MyAppl\fx</Filter>
    </CustomBuild>
    <CustomBuild Include="..\..\ShaderTest\MyAppl\fx\NormalMapShader.fx">
      <Filter>MyAppl\fx</Filter>
    </CustomBuild>
    <CustomBuild Include="..\..\ShaderTest\MyAppl\fx\ParallaxShader.fx">
      <Filter>MyAppl\fx</Filter>
    </CustomBuild>
    <CustomBuild Include="..\..\ShaderTest\MyAppl\fx\PhongShader.fx">
      <Filter>MyAppl\fx</Filter>
    </CustomBuild>
    <CustomBuild Include="..\..\ShaderTest\MyAppl\fx\RimLightShader.fx">
      <Filter>MyAppl\fx</Filter>
    </CustomBuild>
  </ItemGroup>
</Project>