
Microsoft Visual Studio Solution File, Format Version 11.00
# Visual Studio 2010
Project("{8BC9CEB8-8B4A-11D0-8D11-00A0C91BC942}") = "Base64", "Base64.vcxproj", "{A50AE42C-49F4-464E-B52A-749B04AB3FFA}"
EndProject
Project("{8BC9CEB8-8B4A-11D0-8D11-00A0C91BC942}") = "BitStream", "BitStream.vcxproj", "{DE5AD65C-121A-493C-85C5-9D3EE42F4FAC}"
EndProject
Global
	GlobalSection(SolutionConfigurationPlatforms) = preSolution
		Debug|Win32 = Debug|Win32
		Release|Win32 = Release|Win32
	EndGlobalSection
	GlobalSection(ProjectConfigurationPlatforms) = postSolution
		{A50AE42C-49F4-464E-B52A-749B04AB3FFA}.Debug|Win32.ActiveCfg = Debug|Win32
		{A50AE42C-49F4-464E-B52A-749B04AB3FFA}.Debug|Win32.Build.0 = Debug|Win32
		{A50AE42C-49F4-464E-B52A-749B04AB3FFA}.Release|Win32.ActiveCfg = Release|Win32
		{A50AE42C-49F4-464E-B52A-749B04AB3FFA}.Release|Win32.Build.0 = Release|Win32
		{DE5AD65C-121A-493C-85C5-9D3EE42F4FAC}.Debug|Win32.ActiveCfg = Debug|Win32
		{DE5AD65C-121A-493C-85C5-9D3EE42F4FAC}.Debug|Win32.Build.0 = Debug|Win32
		{DE5AD65C-121A-493C-85C5-9D3EE42F4FAC}.Release|Win32.ActiveCfg = Release|Win32
		{DE5AD65C-121A-493C-85C5-9D3EE42F4FAC}.Release|Win32.Build.0 = Release|Win32
	EndGlobalSection
	GlobalSection(SolutionProperties) = preSolution
		HideSolutionNode = FALSE
	EndGlobalSection
EndGlobal
