
Microsoft Visual Studio Solution File, Format Version 12.00
# Visual Studio 2013
VisualStudioVersion = 12.0.40629.0
MinimumVisualStudioVersion = 10.0.40219.1
Project("{8BC9CEB8-8B4A-11D0-8D11-00A0C91BC942}") = "SampleKit", "SampleKit.vcxproj", "{DD5D28B8-93F1-4F26-8AD1-DD224CCB9A4F}"
EndProject
Project("{8BC9CEB8-8B4A-11D0-8D11-00A0C91BC942}") = "Distribution", "Distribution.vcxproj", "{C439FE0E-4B0C-4600-AC2C-36A2FC57F01D}"
EndProject
Project("{8BC9CEB8-8B4A-11D0-8D11-00A0C91BC942}") = "PointSprite", "PointSprite.vcxproj", "{1940CDD5-F1DC-42EC-A778-CBA5362A838D}"
EndProject
Project("{8BC9CEB8-8B4A-11D0-8D11-00A0C91BC942}") = "MultiView", "MultiView.vcxproj", "{A322EC22-7342-4B0E-AA89-F20F099D4F2A}"
EndProject
Global
	GlobalSection(SolutionConfigurationPlatforms) = preSolution
		Debug_DX9|Win32 = Debug_DX9|Win32
		Debug_DX9|x64 = Debug_DX9|x64
		Debug_GLES2|Win32 = Debug_GLES2|Win32
		Debug_GLES2|x64 = Debug_GLES2|x64
		Debug_OGL|Win32 = Debug_OGL|Win32
		Debug_OGL|x64 = Debug_OGL|x64
		Release_DX9|Win32 = Release_DX9|Win32
		Release_DX9|x64 = Release_DX9|x64
		Release_GLES2|Win32 = Release_GLES2|Win32
		Release_GLES2|x64 = Release_GLES2|x64
		Release_OGL|Win32 = Release_OGL|Win32
		Release_OGL|x64 = Release_OGL|x64
	EndGlobalSection
	GlobalSection(ProjectConfigurationPlatforms) = postSolution
		{DD5D28B8-93F1-4F26-8AD1-DD224CCB9A4F}.Debug_DX9|Win32.ActiveCfg = Debug_DX9|Win32
		{DD5D28B8-93F1-4F26-8AD1-DD224CCB9A4F}.Debug_DX9|Win32.Build.0 = Debug_DX9|Win32
		{DD5D28B8-93F1-4F26-8AD1-DD224CCB9A4F}.Debug_DX9|x64.ActiveCfg = Debug_DX9|x64
		{DD5D28B8-93F1-4F26-8AD1-DD224CCB9A4F}.Debug_DX9|x64.Build.0 = Debug_DX9|x64
		{DD5D28B8-93F1-4F26-8AD1-DD224CCB9A4F}.Debug_GLES2|Win32.ActiveCfg = Debug_GLES2|Win32
		{DD5D28B8-93F1-4F26-8AD1-DD224CCB9A4F}.Debug_GLES2|Win32.Build.0 = Debug_GLES2|Win32
		{DD5D28B8-93F1-4F26-8AD1-DD224CCB9A4F}.Debug_GLES2|x64.ActiveCfg = Debug_GLES2|x64
		{DD5D28B8-93F1-4F26-8AD1-DD224CCB9A4F}.Debug_GLES2|x64.Build.0 = Debug_GLES2|x64
		{DD5D28B8-93F1-4F26-8AD1-DD224CCB9A4F}.Debug_OGL|Win32.ActiveCfg = Debug_OGL|Win32
		{DD5D28B8-93F1-4F26-8AD1-DD224CCB9A4F}.Debug_OGL|Win32.Build.0 = Debug_OGL|Win32
		{DD5D28B8-93F1-4F26-8AD1-DD224CCB9A4F}.Debug_OGL|x64.ActiveCfg = Debug_OGL|x64
		{DD5D28B8-93F1-4F26-8AD1-DD224CCB9A4F}.Debug_OGL|x64.Build.0 = Debug_OGL|x64
		{DD5D28B8-93F1-4F26-8AD1-DD224CCB9A4F}.Release_DX9|Win32.ActiveCfg = Release_DX9|Win32
		{DD5D28B8-93F1-4F26-8AD1-DD224CCB9A4F}.Release_DX9|Win32.Build.0 = Release_DX9|Win32
		{DD5D28B8-93F1-4F26-8AD1-DD224CCB9A4F}.Release_DX9|x64.ActiveCfg = Release_DX9|x64
		{DD5D28B8-93F1-4F26-8AD1-DD224CCB9A4F}.Release_DX9|x64.Build.0 = Release_DX9|x64
		{DD5D28B8-93F1-4F26-8AD1-DD224CCB9A4F}.Release_GLES2|Win32.ActiveCfg = Release_GLES2|Win32
		{DD5D28B8-93F1-4F26-8AD1-DD224CCB9A4F}.Release_GLES2|Win32.Build.0 = Release_GLES2|Win32
		{DD5D28B8-93F1-4F26-8AD1-DD224CCB9A4F}.Release_GLES2|x64.ActiveCfg = Release_GLES2|x64
		{DD5D28B8-93F1-4F26-8AD1-DD224CCB9A4F}.Release_GLES2|x64.Build.0 = Release_GLES2|x64
		{DD5D28B8-93F1-4F26-8AD1-DD224CCB9A4F}.Release_OGL|Win32.ActiveCfg = Release_OGL|Win32
		{DD5D28B8-93F1-4F26-8AD1-DD224CCB9A4F}.Release_OGL|Win32.Build.0 = Release_OGL|Win32
		{DD5D28B8-93F1-4F26-8AD1-DD224CCB9A4F}.Release_OGL|x64.ActiveCfg = Release_OGL|x64
		{DD5D28B8-93F1-4F26-8AD1-DD224CCB9A4F}.Release_OGL|x64.Build.0 = Release_OGL|x64
		{C439FE0E-4B0C-4600-AC2C-36A2FC57F01D}.Debug_DX9|Win32.ActiveCfg = Debug_DX9|Win32
		{C439FE0E-4B0C-4600-AC2C-36A2FC57F01D}.Debug_DX9|Win32.Build.0 = Debug_DX9|Win32
		{C439FE0E-4B0C-4600-AC2C-36A2FC57F01D}.Debug_DX9|x64.ActiveCfg = Debug_DX9|x64
		{C439FE0E-4B0C-4600-AC2C-36A2FC57F01D}.Debug_DX9|x64.Build.0 = Debug_DX9|x64
		{C439FE0E-4B0C-4600-AC2C-36A2FC57F01D}.Debug_GLES2|Win32.ActiveCfg = Debug_GLES2|Win32
		{C439FE0E-4B0C-4600-AC2C-36A2FC57F01D}.Debug_GLES2|Win32.Build.0 = Debug_GLES2|Win32
		{C439FE0E-4B0C-4600-AC2C-36A2FC57F01D}.Debug_GLES2|x64.ActiveCfg = Debug_GLES2|x64
		{C439FE0E-4B0C-4600-AC2C-36A2FC57F01D}.Debug_GLES2|x64.Build.0 = Debug_GLES2|x64
		{C439FE0E-4B0C-4600-AC2C-36A2FC57F01D}.Debug_OGL|Win32.ActiveCfg = Debug_OGL|Win32
		{C439FE0E-4B0C-4600-AC2C-36A2FC57F01D}.Debug_OGL|Win32.Build.0 = Debug_OGL|Win32
		{C439FE0E-4B0C-4600-AC2C-36A2FC57F01D}.Debug_OGL|x64.ActiveCfg = Debug_OGL|x64
		{C439FE0E-4B0C-4600-AC2C-36A2FC57F01D}.Debug_OGL|x64.Build.0 = Debug_OGL|x64
		{C439FE0E-4B0C-4600-AC2C-36A2FC57F01D}.Release_DX9|Win32.ActiveCfg = Release_DX9|Win32
		{C439FE0E-4B0C-4600-AC2C-36A2FC57F01D}.Release_DX9|Win32.Build.0 = Release_DX9|Win32
		{C439FE0E-4B0C-4600-AC2C-36A2FC57F01D}.Release_DX9|x64.ActiveCfg = Release_DX9|x64
		{C439FE0E-4B0C-4600-AC2C-36A2FC57F01D}.Release_DX9|x64.Build.0 = Release_DX9|x64
		{C439FE0E-4B0C-4600-AC2C-36A2FC57F01D}.Release_GLES2|Win32.ActiveCfg = Release_GLES2|Win32
		{C439FE0E-4B0C-4600-AC2C-36A2FC57F01D}.Release_GLES2|Win32.Build.0 = Release_GLES2|Win32
		{C439FE0E-4B0C-4600-AC2C-36A2FC57F01D}.Release_GLES2|x64.ActiveCfg = Release_GLES2|x64
		{C439FE0E-4B0C-4600-AC2C-36A2FC57F01D}.Release_GLES2|x64.Build.0 = Release_GLES2|x64
		{C439FE0E-4B0C-4600-AC2C-36A2FC57F01D}.Release_OGL|Win32.ActiveCfg = Release_OGL|Win32
		{C439FE0E-4B0C-4600-AC2C-36A2FC57F01D}.Release_OGL|Win32.Build.0 = Release_OGL|Win32
		{C439FE0E-4B0C-4600-AC2C-36A2FC57F01D}.Release_OGL|x64.ActiveCfg = Release_OGL|x64
		{C439FE0E-4B0C-4600-AC2C-36A2FC57F01D}.Release_OGL|x64.Build.0 = Release_OGL|x64
		{1940CDD5-F1DC-42EC-A778-CBA5362A838D}.Debug_DX9|Win32.ActiveCfg = Debug_DX9|Win32
		{1940CDD5-F1DC-42EC-A778-CBA5362A838D}.Debug_DX9|Win32.Build.0 = Debug_DX9|Win32
		{1940CDD5-F1DC-42EC-A778-CBA5362A838D}.Debug_DX9|x64.ActiveCfg = Debug_DX9|x64
		{1940CDD5-F1DC-42EC-A778-CBA5362A838D}.Debug_DX9|x64.Build.0 = Debug_DX9|x64
		{1940CDD5-F1DC-42EC-A778-CBA5362A838D}.Debug_GLES2|Win32.ActiveCfg = Debug_GLES2|Win32
		{1940CDD5-F1DC-42EC-A778-CBA5362A838D}.Debug_GLES2|Win32.Build.0 = Debug_GLES2|Win32
		{1940CDD5-F1DC-42EC-A778-CBA5362A838D}.Debug_GLES2|x64.ActiveCfg = Debug_GLES2|x64
		{1940CDD5-F1DC-42EC-A778-CBA5362A838D}.Debug_GLES2|x64.Build.0 = Debug_GLES2|x64
		{1940CDD5-F1DC-42EC-A778-CBA5362A838D}.Debug_OGL|Win32.ActiveCfg = Debug_OGL|Win32
		{1940CDD5-F1DC-42EC-A778-CBA5362A838D}.Debug_OGL|Win32.Build.0 = Debug_OGL|Win32
		{1940CDD5-F1DC-42EC-A778-CBA5362A838D}.Debug_OGL|x64.ActiveCfg = Debug_OGL|x64
		{1940CDD5-F1DC-42EC-A778-CBA5362A838D}.Debug_OGL|x64.Build.0 = Debug_OGL|x64
		{1940CDD5-F1DC-42EC-A778-CBA5362A838D}.Release_DX9|Win32.ActiveCfg = Release_DX9|Win32
		{1940CDD5-F1DC-42EC-A778-CBA5362A838D}.Release_DX9|Win32.Build.0 = Release_DX9|Win32
		{1940CDD5-F1DC-42EC-A778-CBA5362A838D}.Release_DX9|x64.ActiveCfg = Release_DX9|x64
		{1940CDD5-F1DC-42EC-A778-CBA5362A838D}.Release_DX9|x64.Build.0 = Release_DX9|x64
		{1940CDD5-F1DC-42EC-A778-CBA5362A838D}.Release_GLES2|Win32.ActiveCfg = Release_GLES2|Win32
		{1940CDD5-F1DC-42EC-A778-CBA5362A838D}.Release_GLES2|Win32.Build.0 = Release_GLES2|Win32
		{1940CDD5-F1DC-42EC-A778-CBA5362A838D}.Release_GLES2|x64.ActiveCfg = Release_GLES2|x64
		{1940CDD5-F1DC-42EC-A778-CBA5362A838D}.Release_GLES2|x64.Build.0 = Release_GLES2|x64
		{1940CDD5-F1DC-42EC-A778-CBA5362A838D}.Release_OGL|Win32.ActiveCfg = Release_OGL|Win32
		{1940CDD5-F1DC-42EC-A778-CBA5362A838D}.Release_OGL|Win32.Build.0 = Release_OGL|Win32
		{1940CDD5-F1DC-42EC-A778-CBA5362A838D}.Release_OGL|x64.ActiveCfg = Release_OGL|x64
		{1940CDD5-F1DC-42EC-A778-CBA5362A838D}.Release_OGL|x64.Build.0 = Release_OGL|x64
		{A322EC22-7342-4B0E-AA89-F20F099D4F2A}.Debug_DX9|Win32.ActiveCfg = Debug_DX9|Win32
		{A322EC22-7342-4B0E-AA89-F20F099D4F2A}.Debug_DX9|Win32.Build.0 = Debug_DX9|Win32
		{A322EC22-7342-4B0E-AA89-F20F099D4F2A}.Debug_DX9|x64.ActiveCfg = Debug_DX9|x64
		{A322EC22-7342-4B0E-AA89-F20F099D4F2A}.Debug_DX9|x64.Build.0 = Debug_DX9|x64
		{A322EC22-7342-4B0E-AA89-F20F099D4F2A}.Debug_GLES2|Win32.ActiveCfg = Debug_GLES2|Win32
		{A322EC22-7342-4B0E-AA89-F20F099D4F2A}.Debug_GLES2|Win32.Build.0 = Debug_GLES2|Win32
		{A322EC22-7342-4B0E-AA89-F20F099D4F2A}.Debug_GLES2|x64.ActiveCfg = Debug_GLES2|x64
		{A322EC22-7342-4B0E-AA89-F20F099D4F2A}.Debug_GLES2|x64.Build.0 = Debug_GLES2|x64
		{A322EC22-7342-4B0E-AA89-F20F099D4F2A}.Debug_OGL|Win32.ActiveCfg = Debug_OGL|Win32
		{A322EC22-7342-4B0E-AA89-F20F099D4F2A}.Debug_OGL|Win32.Build.0 = Debug_OGL|Win32
		{A322EC22-7342-4B0E-AA89-F20F099D4F2A}.Debug_OGL|x64.ActiveCfg = Debug_OGL|x64
		{A322EC22-7342-4B0E-AA89-F20F099D4F2A}.Debug_OGL|x64.Build.0 = Debug_OGL|x64
		{A322EC22-7342-4B0E-AA89-F20F099D4F2A}.Release_DX9|Win32.ActiveCfg = Release_DX9|Win32
		{A322EC22-7342-4B0E-AA89-F20F099D4F2A}.Release_DX9|Win32.Build.0 = Release_DX9|Win32
		{A322EC22-7342-4B0E-AA89-F20F099D4F2A}.Release_DX9|x64.ActiveCfg = Release_DX9|x64
		{A322EC22-7342-4B0E-AA89-F20F099D4F2A}.Release_DX9|x64.Build.0 = Release_DX9|x64
		{A322EC22-7342-4B0E-AA89-F20F099D4F2A}.Release_GLES2|Win32.ActiveCfg = Release_GLES2|Win32
		{A322EC22-7342-4B0E-AA89-F20F099D4F2A}.Release_GLES2|Win32.Build.0 = Release_GLES2|Win32
		{A322EC22-7342-4B0E-AA89-F20F099D4F2A}.Release_GLES2|x64.ActiveCfg = Release_GLES2|x64
		{A322EC22-7342-4B0E-AA89-F20F099D4F2A}.Release_GLES2|x64.Build.0 = Release_GLES2|x64
		{A322EC22-7342-4B0E-AA89-F20F099D4F2A}.Release_OGL|Win32.ActiveCfg = Release_OGL|Win32
		{A322EC22-7342-4B0E-AA89-F20F099D4F2A}.Release_OGL|Win32.Build.0 = Release_OGL|Win32
		{A322EC22-7342-4B0E-AA89-F20F099D4F2A}.Release_OGL|x64.ActiveCfg = Release_OGL|x64
		{A322EC22-7342-4B0E-AA89-F20F099D4F2A}.Release_OGL|x64.Build.0 = Release_OGL|x64
	EndGlobalSection
	GlobalSection(SolutionProperties) = preSolution
		HideSolutionNode = FALSE
	EndGlobalSection
EndGlobal
