<?xml version="1.0" encoding="utf-8"?>
<Project ToolsVersion="4.0" xmlns="http://schemas.microsoft.com/developer/msbuild/2003">
  <ItemGroup>
    <ClCompile Include="..\..\MultiView\main.cpp">
      <Filter>source</Filter>
    </ClCompile>
    <ClCompile Include="..\..\MultiView\MultiViewApp.cpp">
      <Filter>source</Filter>
    </ClCompile>
  </ItemGroup>
  <ItemGroup>
    <Filter Include="include">
      <UniqueIdentifier>{1713bfb0-2002-474a-a254-f56915eb2ca1}</UniqueIdentifier>
    </Filter>
    <Filter Include="source">
      <UniqueIdentifier>{6ccbed9d-f62b-4081-a713-bc1b80e943da}</UniqueIdentifier>
    </Filter>
  </ItemGroup>
  <ItemGroup>
    <ClInclude Include="..\..\MultiView\MultiViewApp.h">
      <Filter>include</Filter>
    </ClInclude>
  </ItemGroup>
</Project>