
Microsoft Visual Studio Solution File, Format Version 9.00
# Visual Studio 2005
Project("{8BC9CEB8-8B4A-11D0-8D11-00A0C91BC942}") = "FontCoverter", "Font\FontCoverter\FontCoverter.vcproj", "{A2629A24-E521-44F6-B827-2F9E4075B51B}"
	ProjectSection(ProjectDependencies) = postProject
		{E39712E8-AA2F-4764-975B-40B54164B95E} = {E39712E8-AA2F-4764-975B-40B54164B95E}
	EndProjectSection
EndProject
Project("{8BC9CEB8-8B4A-11D0-8D11-00A0C91BC942}") = "PostEffectConverter", "PostEffect\PostEffectConverter\PostEffectConverter.vcproj", "{ECA80E2D-1BB5-4C71-9676-5E2EA803A20E}"
EndProject
Project("{2150E333-8FDC-42A3-9474-1A3956D46DE8}") = "PostEffect", "PostEffect", "{8221EC92-4637-49D2-BFE5-C8A6C8C456E1}"
EndProject
Project("{2150E333-8FDC-42A3-9474-1A3956D46DE8}") = "Font", "Font", "{F6658CE9-7B2C-4DC5-9050-26D33329F07F}"
EndProject
Project("{2150E333-8FDC-42A3-9474-1A3956D46DE8}") = "Util", "Util", "{43A09159-AAFC-4F53-A14F-61357E26C83D}"
EndProject
Project("{8BC9CEB8-8B4A-11D0-8D11-00A0C91BC942}") = "PostEffectCompile", "PostEffect\PostEffectCompile\PostEffectCompile.vcproj", "{3FCA0C02-EB59-45C2-9BC0-45AD0E342215}"
EndProject
Project("{8BC9CEB8-8B4A-11D0-8D11-00A0C91BC942}") = "PostEffectShader", "PostEffect\PostEffectShader\PostEffectShader.vcproj", "{3889DA58-19AD-4AEB-9E4F-5C50BC86D48B}"
EndProject
Project("{2150E333-8FDC-42A3-9474-1A3956D46DE8}") = "Image", "Image", "{C4E36F67-1534-4DAF-99FD-7B8B31D839E4}"
EndProject
Project("{8BC9CEB8-8B4A-11D0-8D11-00A0C91BC942}") = "ImageLib", "Image\ImageLib\ImageLib.vcproj", "{14A6B823-609D-4DC4-828E-533ABA219678}"
EndProject
Project("{8BC9CEB8-8B4A-11D0-8D11-00A0C91BC942}") = "ToolKit", "ToolKit\ToolKit.vcproj", "{E39712E8-AA2F-4764-975B-40B54164B95E}"
EndProject
Project("{8BC9CEB8-8B4A-11D0-8D11-00A0C91BC942}") = "ImageBuilder", "Image\ImageBuilder\ImageBuilder.vcproj", "{08586CAB-4A9D-488B-96DC-0B7FADB366A1}"
	ProjectSection(ProjectDependencies) = postProject
		{E39712E8-AA2F-4764-975B-40B54164B95E} = {E39712E8-AA2F-4764-975B-40B54164B95E}
		{14A6B823-609D-4DC4-828E-533ABA219678} = {14A6B823-609D-4DC4-828E-533ABA219678}
	EndProjectSection
EndProject
Project("{2150E333-8FDC-42A3-9474-1A3956D46DE8}") = "Archive", "Archive", "{AFF31129-238B-4C47-9E15-ED411808CA9E}"
EndProject
Project("{8BC9CEB8-8B4A-11D0-8D11-00A0C91BC942}") = "ArchiveBuilder", "Archive\ArchiveBuilder\ArchiveBuilder.vcproj", "{59BFC55F-FBEB-41B2-89EA-82E92E82DEE6}"
	ProjectSection(ProjectDependencies) = postProject
		{E39712E8-AA2F-4764-975B-40B54164B95E} = {E39712E8-AA2F-4764-975B-40B54164B95E}
	EndProjectSection
EndProject
Project("{2150E333-8FDC-42A3-9474-1A3956D46DE8}") = "Test", "Test", "{3C7705F2-9194-4D5E-AD9C-F735B352271B}"
EndProject
Project("{8BC9CEB8-8B4A-11D0-8D11-00A0C91BC942}") = "CompressTest", "Test\CompressTest\CompressTest.vcproj", "{49FDD4DD-B5D9-4660-B995-79C809542947}"
EndProject
Project("{2150E333-8FDC-42A3-9474-1A3956D46DE8}") = "Shader", "Shader", "{A42A277F-414F-4143-9412-B6AA010CF8A9}"
EndProject
Project("{8BC9CEB8-8B4A-11D0-8D11-00A0C91BC942}") = "ShaderSource", "Shader\ShaderSource\ShaderSource.vcproj", "{2C70FF41-A6EB-48AD-9184-DB92A8B254FC}"
EndProject
Project("{8BC9CEB8-8B4A-11D0-8D11-00A0C91BC942}") = "ShaderConverter", "Shader\ShaderConverter\ShaderConverter.vcproj", "{527F2B12-FA4F-42D1-B81F-D4EC25208797}"
EndProject
Project("{8BC9CEB8-8B4A-11D0-8D11-00A0C91BC942}") = "Compressor", "Compressor\Compressor.vcproj", "{A72DB260-E816-4244-B151-BFFC90D8F8D9}"
EndProject
Project("{2150E333-8FDC-42A3-9474-1A3956D46DE8}") = "Model", "Model", "{C370BFA7-851B-4423-B528-328D1A846F5A}"
EndProject
Project("{8BC9CEB8-8B4A-11D0-8D11-00A0C91BC942}") = "ModelConverter", "Model\ModelConverter\ModelConverter.vcproj", "{8AD239E5-7BAE-4361-8C6E-6E96E8B4EBD5}"
	ProjectSection(ProjectDependencies) = postProject
		{E39712E8-AA2F-4764-975B-40B54164B95E} = {E39712E8-AA2F-4764-975B-40B54164B95E}
		{EF4D87C6-8948-4325-8F97-A7CEA9F2B243} = {EF4D87C6-8948-4325-8F97-A7CEA9F2B243}
	EndProjectSection
EndProject
Project("{8BC9CEB8-8B4A-11D0-8D11-00A0C91BC942}") = "ModelLib", "Model\ModelLib\ModelLib.vcproj", "{EF4D87C6-8948-4325-8F97-A7CEA9F2B243}"
EndProject
Project("{8BC9CEB8-8B4A-11D0-8D11-00A0C91BC942}") = "AnimationConverter", "Model\AnmConverter\AnimationConverter.vcproj", "{B1BDB1F2-A9E6-44D7-8555-9C69CDEAF272}"
	ProjectSection(ProjectDependencies) = postProject
		{EF4D87C6-8948-4325-8F97-A7CEA9F2B243} = {EF4D87C6-8948-4325-8F97-A7CEA9F2B243}
	EndProjectSection
EndProject
Project("{8BC9CEB8-8B4A-11D0-8D11-00A0C91BC942}") = "MaterialConverter", "Model\MaterialConveter\MaterialConverter.vcproj", "{41CE8028-5DB0-45E6-A52E-226121F066AA}"
	ProjectSection(ProjectDependencies) = postProject
		{EF4D87C6-8948-4325-8F97-A7CEA9F2B243} = {EF4D87C6-8948-4325-8F97-A7CEA9F2B243}
	EndProjectSection
EndProject
Project("{8BC9CEB8-8B4A-11D0-8D11-00A0C91BC942}") = "ShaderCompile", "Shader\ShaderCompile\ShaderCompile.vcproj", "{72385CA4-C72A-4F85-BC0E-079F3290005E}"
EndProject
Global
	GlobalSection(SolutionConfigurationPlatforms) = preSolution
		Debug|Win32 = Debug|Win32
		Debug|x64 = Debug|x64
		Release|Win32 = Release|Win32
		Release|x64 = Release|x64
	EndGlobalSection
	GlobalSection(ProjectConfigurationPlatforms) = postSolution
		{A2629A24-E521-44F6-B827-2F9E4075B51B}.Debug|Win32.ActiveCfg = Debug|Win32
		{A2629A24-E521-44F6-B827-2F9E4075B51B}.Debug|Win32.Build.0 = Debug|Win32
		{A2629A24-E521-44F6-B827-2F9E4075B51B}.Debug|x64.ActiveCfg = Debug|Win32
		{A2629A24-E521-44F6-B827-2F9E4075B51B}.Release|Win32.ActiveCfg = Release|Win32
		{A2629A24-E521-44F6-B827-2F9E4075B51B}.Release|Win32.Build.0 = Release|Win32
		{A2629A24-E521-44F6-B827-2F9E4075B51B}.Release|x64.ActiveCfg = Release|Win32
		{ECA80E2D-1BB5-4C71-9676-5E2EA803A20E}.Debug|Win32.ActiveCfg = Debug|Win32
		{ECA80E2D-1BB5-4C71-9676-5E2EA803A20E}.Debug|Win32.Build.0 = Debug|Win32
		{ECA80E2D-1BB5-4C71-9676-5E2EA803A20E}.Debug|x64.ActiveCfg = Debug|Win32
		{ECA80E2D-1BB5-4C71-9676-5E2EA803A20E}.Release|Win32.ActiveCfg = Release|Win32
		{ECA80E2D-1BB5-4C71-9676-5E2EA803A20E}.Release|Win32.Build.0 = Release|Win32
		{ECA80E2D-1BB5-4C71-9676-5E2EA803A20E}.Release|x64.ActiveCfg = Release|Win32
		{3FCA0C02-EB59-45C2-9BC0-45AD0E342215}.Debug|Win32.ActiveCfg = Debug|Win32
		{3FCA0C02-EB59-45C2-9BC0-45AD0E342215}.Debug|Win32.Build.0 = Debug|Win32
		{3FCA0C02-EB59-45C2-9BC0-45AD0E342215}.Debug|x64.ActiveCfg = Debug|Win32
		{3FCA0C02-EB59-45C2-9BC0-45AD0E342215}.Release|Win32.ActiveCfg = Release|Win32
		{3FCA0C02-EB59-45C2-9BC0-45AD0E342215}.Release|Win32.Build.0 = Release|Win32
		{3FCA0C02-EB59-45C2-9BC0-45AD0E342215}.Release|x64.ActiveCfg = Release|Win32
		{3889DA58-19AD-4AEB-9E4F-5C50BC86D48B}.Debug|Win32.ActiveCfg = Debug|Win32
		{3889DA58-19AD-4AEB-9E4F-5C50BC86D48B}.Debug|Win32.Build.0 = Debug|Win32
		{3889DA58-19AD-4AEB-9E4F-5C50BC86D48B}.Debug|x64.ActiveCfg = Debug|Win32
		{3889DA58-19AD-4AEB-9E4F-5C50BC86D48B}.Release|Win32.ActiveCfg = Release|Win32
		{3889DA58-19AD-4AEB-9E4F-5C50BC86D48B}.Release|Win32.Build.0 = Release|Win32
		{3889DA58-19AD-4AEB-9E4F-5C50BC86D48B}.Release|x64.ActiveCfg = Release|Win32
		{14A6B823-609D-4DC4-828E-533ABA219678}.Debug|Win32.ActiveCfg = Debug|Win32
		{14A6B823-609D-4DC4-828E-533ABA219678}.Debug|Win32.Build.0 = Debug|Win32
		{14A6B823-609D-4DC4-828E-533ABA219678}.Debug|x64.ActiveCfg = Debug|Win32
		{14A6B823-609D-4DC4-828E-533ABA219678}.Release|Win32.ActiveCfg = Release|Win32
		{14A6B823-609D-4DC4-828E-533ABA219678}.Release|Win32.Build.0 = Release|Win32
		{14A6B823-609D-4DC4-828E-533ABA219678}.Release|x64.ActiveCfg = Release|Win32
		{E39712E8-AA2F-4764-975B-40B54164B95E}.Debug|Win32.ActiveCfg = Debug|Win32
		{E39712E8-AA2F-4764-975B-40B54164B95E}.Debug|Win32.Build.0 = Debug|Win32
		{E39712E8-AA2F-4764-975B-40B54164B95E}.Debug|x64.ActiveCfg = Debug|Win32
		{E39712E8-AA2F-4764-975B-40B54164B95E}.Release|Win32.ActiveCfg = Release|Win32
		{E39712E8-AA2F-4764-975B-40B54164B95E}.Release|Win32.Build.0 = Release|Win32
		{E39712E8-AA2F-4764-975B-40B54164B95E}.Release|x64.ActiveCfg = Release|Win32
		{08586CAB-4A9D-488B-96DC-0B7FADB366A1}.Debug|Win32.ActiveCfg = Debug|Win32
		{08586CAB-4A9D-488B-96DC-0B7FADB366A1}.Debug|Win32.Build.0 = Debug|Win32
		{08586CAB-4A9D-488B-96DC-0B7FADB366A1}.Debug|x64.ActiveCfg = Debug|Win32
		{08586CAB-4A9D-488B-96DC-0B7FADB366A1}.Release|Win32.ActiveCfg = Release|Win32
		{08586CAB-4A9D-488B-96DC-0B7FADB366A1}.Release|Win32.Build.0 = Release|Win32
		{08586CAB-4A9D-488B-96DC-0B7FADB366A1}.Release|x64.ActiveCfg = Release|Win32
		{59BFC55F-FBEB-41B2-89EA-82E92E82DEE6}.Debug|Win32.ActiveCfg = Debug|Win32
		{59BFC55F-FBEB-41B2-89EA-82E92E82DEE6}.Debug|Win32.Build.0 = Debug|Win32
		{59BFC55F-FBEB-41B2-89EA-82E92E82DEE6}.Debug|x64.ActiveCfg = Debug|Win32
		{59BFC55F-FBEB-41B2-89EA-82E92E82DEE6}.Release|Win32.ActiveCfg = Release|Win32
		{59BFC55F-FBEB-41B2-89EA-82E92E82DEE6}.Release|Win32.Build.0 = Release|Win32
		{59BFC55F-FBEB-41B2-89EA-82E92E82DEE6}.Release|x64.ActiveCfg = Release|Win32
		{49FDD4DD-B5D9-4660-B995-79C809542947}.Debug|Win32.ActiveCfg = Debug|Win32
		{49FDD4DD-B5D9-4660-B995-79C809542947}.Debug|Win32.Build.0 = Debug|Win32
		{49FDD4DD-B5D9-4660-B995-79C809542947}.Debug|x64.ActiveCfg = Debug|Win32
		{49FDD4DD-B5D9-4660-B995-79C809542947}.Release|Win32.ActiveCfg = Release|Win32
		{49FDD4DD-B5D9-4660-B995-79C809542947}.Release|Win32.Build.0 = Release|Win32
		{49FDD4DD-B5D9-4660-B995-79C809542947}.Release|x64.ActiveCfg = Release|Win32
		{2C70FF41-A6EB-48AD-9184-DB92A8B254FC}.Debug|Win32.ActiveCfg = Debug|Win32
		{2C70FF41-A6EB-48AD-9184-DB92A8B254FC}.Debug|Win32.Build.0 = Debug|Win32
		{2C70FF41-A6EB-48AD-9184-DB92A8B254FC}.Debug|x64.ActiveCfg = Debug|Win32
		{2C70FF41-A6EB-48AD-9184-DB92A8B254FC}.Release|Win32.ActiveCfg = Release|Win32
		{2C70FF41-A6EB-48AD-9184-DB92A8B254FC}.Release|Win32.Build.0 = Release|Win32
		{2C70FF41-A6EB-48AD-9184-DB92A8B254FC}.Release|x64.ActiveCfg = Release|Win32
		{527F2B12-FA4F-42D1-B81F-D4EC25208797}.Debug|Win32.ActiveCfg = Debug|Win32
		{527F2B12-FA4F-42D1-B81F-D4EC25208797}.Debug|Win32.Build.0 = Debug|Win32
		{527F2B12-FA4F-42D1-B81F-D4EC25208797}.Debug|x64.ActiveCfg = Debug|Win32
		{527F2B12-FA4F-42D1-B81F-D4EC25208797}.Release|Win32.ActiveCfg = Release|Win32
		{527F2B12-FA4F-42D1-B81F-D4EC25208797}.Release|Win32.Build.0 = Release|Win32
		{527F2B12-FA4F-42D1-B81F-D4EC25208797}.Release|x64.ActiveCfg = Release|Win32
		{A72DB260-E816-4244-B151-BFFC90D8F8D9}.Debug|Win32.ActiveCfg = Debug|Win32
		{A72DB260-E816-4244-B151-BFFC90D8F8D9}.Debug|Win32.Build.0 = Debug|Win32
		{A72DB260-E816-4244-B151-BFFC90D8F8D9}.Debug|x64.ActiveCfg = Debug|Win32
		{A72DB260-E816-4244-B151-BFFC90D8F8D9}.Release|Win32.ActiveCfg = Release|Win32
		{A72DB260-E816-4244-B151-BFFC90D8F8D9}.Release|Win32.Build.0 = Release|Win32
		{A72DB260-E816-4244-B151-BFFC90D8F8D9}.Release|x64.ActiveCfg = Release|Win32
		{8AD239E5-7BAE-4361-8C6E-6E96E8B4EBD5}.Debug|Win32.ActiveCfg = Debug|Win32
		{8AD239E5-7BAE-4361-8C6E-6E96E8B4EBD5}.Debug|Win32.Build.0 = Debug|Win32
		{8AD239E5-7BAE-4361-8C6E-6E96E8B4EBD5}.Debug|x64.ActiveCfg = Debug|Win32
		{8AD239E5-7BAE-4361-8C6E-6E96E8B4EBD5}.Release|Win32.ActiveCfg = Release|Win32
		{8AD239E5-7BAE-4361-8C6E-6E96E8B4EBD5}.Release|Win32.Build.0 = Release|Win32
		{8AD239E5-7BAE-4361-8C6E-6E96E8B4EBD5}.Release|x64.ActiveCfg = Release|Win32
		{EF4D87C6-8948-4325-8F97-A7CEA9F2B243}.Debug|Win32.ActiveCfg = Debug|Win32
		{EF4D87C6-8948-4325-8F97-A7CEA9F2B243}.Debug|Win32.Build.0 = Debug|Win32
		{EF4D87C6-8948-4325-8F97-A7CEA9F2B243}.Debug|x64.ActiveCfg = Debug|Win32
		{EF4D87C6-8948-4325-8F97-A7CEA9F2B243}.Release|Win32.ActiveCfg = Release|Win32
		{EF4D87C6-8948-4325-8F97-A7CEA9F2B243}.Release|Win32.Build.0 = Release|Win32
		{EF4D87C6-8948-4325-8F97-A7CEA9F2B243}.Release|x64.ActiveCfg = Release|Win32
		{B1BDB1F2-A9E6-44D7-8555-9C69CDEAF272}.Debug|Win32.ActiveCfg = Debug|Win32
		{B1BDB1F2-A9E6-44D7-8555-9C69CDEAF272}.Debug|Win32.Build.0 = Debug|Win32
		{B1BDB1F2-A9E6-44D7-8555-9C69CDEAF272}.Debug|x64.ActiveCfg = Debug|Win32
		{B1BDB1F2-A9E6-44D7-8555-9C69CDEAF272}.Release|Win32.ActiveCfg = Release|Win32
		{B1BDB1F2-A9E6-44D7-8555-9C69CDEAF272}.Release|Win32.Build.0 = Release|Win32
		{B1BDB1F2-A9E6-44D7-8555-9C69CDEAF272}.Release|x64.ActiveCfg = Release|Win32
		{41CE8028-5DB0-45E6-A52E-226121F066AA}.Debug|Win32.ActiveCfg = Debug|Win32
		{41CE8028-5DB0-45E6-A52E-226121F066AA}.Debug|Win32.Build.0 = Debug|Win32
		{41CE8028-5DB0-45E6-A52E-226121F066AA}.Debug|x64.ActiveCfg = Debug|Win32
		{41CE8028-5DB0-45E6-A52E-226121F066AA}.Release|Win32.ActiveCfg = Release|Win32
		{41CE8028-5DB0-45E6-A52E-226121F066AA}.Release|Win32.Build.0 = Release|Win32
		{41CE8028-5DB0-45E6-A52E-226121F066AA}.Release|x64.ActiveCfg = Release|Win32
		{72385CA4-C72A-4F85-BC0E-079F3290005E}.Debug|Win32.ActiveCfg = Debug|Win32
		{72385CA4-C72A-4F85-BC0E-079F3290005E}.Debug|Win32.Build.0 = Debug|Win32
		{72385CA4-C72A-4F85-BC0E-079F3290005E}.Debug|x64.ActiveCfg = Debug|Win32
		{72385CA4-C72A-4F85-BC0E-079F3290005E}.Release|Win32.ActiveCfg = Release|Win32
		{72385CA4-C72A-4F85-BC0E-079F3290005E}.Release|Win32.Build.0 = Release|Win32
		{72385CA4-C72A-4F85-BC0E-079F3290005E}.Release|x64.ActiveCfg = Release|Win32
	EndGlobalSection
	GlobalSection(SolutionProperties) = preSolution
		HideSolutionNode = FALSE
	EndGlobalSection
	GlobalSection(NestedProjects) = preSolution
		{A2629A24-E521-44F6-B827-2F9E4075B51B} = {F6658CE9-7B2C-4DC5-9050-26D33329F07F}
		{ECA80E2D-1BB5-4C71-9676-5E2EA803A20E} = {8221EC92-4637-49D2-BFE5-C8A6C8C456E1}
		{3FCA0C02-EB59-45C2-9BC0-45AD0E342215} = {8221EC92-4637-49D2-BFE5-C8A6C8C456E1}
		{3889DA58-19AD-4AEB-9E4F-5C50BC86D48B} = {8221EC92-4637-49D2-BFE5-C8A6C8C456E1}
		{E39712E8-AA2F-4764-975B-40B54164B95E} = {43A09159-AAFC-4F53-A14F-61357E26C83D}
		{14A6B823-609D-4DC4-828E-533ABA219678} = {C4E36F67-1534-4DAF-99FD-7B8B31D839E4}
		{08586CAB-4A9D-488B-96DC-0B7FADB366A1} = {C4E36F67-1534-4DAF-99FD-7B8B31D839E4}
		{59BFC55F-FBEB-41B2-89EA-82E92E82DEE6} = {AFF31129-238B-4C47-9E15-ED411808CA9E}
		{A72DB260-E816-4244-B151-BFFC90D8F8D9} = {AFF31129-238B-4C47-9E15-ED411808CA9E}
		{49FDD4DD-B5D9-4660-B995-79C809542947} = {3C7705F2-9194-4D5E-AD9C-F735B352271B}
		{2C70FF41-A6EB-48AD-9184-DB92A8B254FC} = {A42A277F-414F-4143-9412-B6AA010CF8A9}
		{527F2B12-FA4F-42D1-B81F-D4EC25208797} = {A42A277F-414F-4143-9412-B6AA010CF8A9}
		{72385CA4-C72A-4F85-BC0E-079F3290005E} = {A42A277F-414F-4143-9412-B6AA010CF8A9}
		{8AD239E5-7BAE-4361-8C6E-6E96E8B4EBD5} = {C370BFA7-851B-4423-B528-328D1A846F5A}
		{EF4D87C6-8948-4325-8F97-A7CEA9F2B243} = {C370BFA7-851B-4423-B528-328D1A846F5A}
		{B1BDB1F2-A9E6-44D7-8555-9C69CDEAF272} = {C370BFA7-851B-4423-B528-328D1A846F5A}
		{41CE8028-5DB0-45E6-A52E-226121F066AA} = {C370BFA7-851B-4423-B528-328D1A846F5A}
	EndGlobalSection
EndGlobal
