<?xml version="1.0" encoding="utf-8"?>
<Project ToolsVersion="4.0" xmlns="http://schemas.microsoft.com/developer/msbuild/2003">
  <ItemGroup>
    <Filter Include="source">
      <UniqueIdentifier>{4FC737F1-C7A5-4376-A066-2A32D752A2FF}</UniqueIdentifier>
      <Extensions>cpp;c;cc;cxx;def;odl;idl;hpj;bat;asm;asmx</Extensions>
    </Filter>
    <Filter Include="include">
      <UniqueIdentifier>{dab991cd-38e1-4f3f-add3-2ea386c1ab7e}</UniqueIdentifier>
    </Filter>
  </ItemGroup>
  <ItemGroup>
    <ClCompile Include="..\..\Font\FontConverter\FontConverter.cpp">
      <Filter>source</Filter>
    </ClCompile>
    <ClCompile Include="..\..\Font\FontConverter\FontConverterImpl.cpp">
      <Filter>source</Filter>
    </ClCompile>
    <ClCompile Include="..\..\Font\FontConverter\Option.cpp">
      <Filter>source</Filter>
    </ClCompile>
    <ClCompile Include="..\..\Font\FontConverter\CharList.cpp">
      <Filter>source</Filter>
    </ClCompile>
  </ItemGroup>
  <ItemGroup>
    <None Include="..\..\Font\FontConverter\ReadMe.txt" />
  </ItemGroup>
  <ItemGroup>
    <ClInclude Include="..\..\Font\FontConverter\Option.h">
      <Filter>source</Filter>
    </ClInclude>
    <ClInclude Include="..\..\Font\FontConverter\CharList.h">
      <Filter>include</Filter>
    </ClInclude>
    <ClInclude Include="..\..\Font\FontConverter\FontConverterImpl.h">
      <Filter>include</Filter>
    </ClInclude>
    <ClInclude Include="..\..\Font\FontConverter\FontConverterDefs.h">
      <Filter>include</Filter>
    </ClInclude>
  </ItemGroup>
</Project>