<?xml version="1.0" encoding="utf-8"?>
<Project ToolsVersion="4.0" xmlns="http://schemas.microsoft.com/developer/msbuild/2003">
  <ItemGroup>
    <Filter Include="src">
      <UniqueIdentifier>{a5b464f3-f861-4e13-adf2-cbda73fa5c7a}</UniqueIdentifier>
    </Filter>
    <Filter Include="include">
      <UniqueIdentifier>{14a9ee0d-0f49-4963-8227-5dc961299a27}</UniqueIdentifier>
    </Filter>
    <Filter Include="data">
      <UniqueIdentifier>{de4f6e89-d8a4-4188-a50b-9745eb288d98}</UniqueIdentifier>
    </Filter>
    <Filter Include="shader">
      <UniqueIdentifier>{0b9a5094-76e5-44a9-b64c-8053276ed220}</UniqueIdentifier>
    </Filter>
  </ItemGroup>
  <ItemGroup>
    <None Include="..\..\PhotoGallery\shader\BasicShader.fx">
      <Filter>shader</Filter>
    </None>
  </ItemGroup>
  <ItemGroup>
    <ClCompile Include="..\..\PhotoGallery\main.cpp">
      <Filter>src</Filter>
    </ClCompile>
    <ClCompile Include="..\..\PhotoGallery\PhotoGalleryApp.cpp">
      <Filter>src</Filter>
    </ClCompile>
    <ClCompile Include="..\..\PhotoGallery\Seat.cpp">
      <Filter>src</Filter>
    </ClCompile>
    <ClCompile Include="..\..\PhotoGallery\PhotoItemMesh.cpp">
      <Filter>src</Filter>
    </ClCompile>
  </ItemGroup>
  <ItemGroup>
    <ClInclude Include="..\..\PhotoGallery\PhotoGalleryApp.h">
      <Filter>include</Filter>
    </ClInclude>
    <ClInclude Include="..\..\PhotoGallery\Seat.h">
      <Filter>include</Filter>
    </ClInclude>
    <ClInclude Include="..\..\PhotoGallery\PhotoItemMesh.h">
      <Filter>include</Filter>
    </ClInclude>
    <ClInclude Include="..\..\PhotoGallery\Configure.h">
      <Filter>include</Filter>
    </ClInclude>
  </ItemGroup>
  <ItemGroup>
    <CustomBuild Include="..\..\PhotoGallery\shader\BasicShader.xml">
      <Filter>shader</Filter>
    </CustomBuild>
  </ItemGroup>
</Project>